Microsoft Visual Studio Solution File, Format Version 12.00
# Visual Studio Version 17
VisualStudioVersion = 17.5.2.0
MinimumVisualStudioVersion = 10.0.40219.1
Project("{2150E333-8FDC-42A3-9474-1A3956D46DE8}") = "source", "source", "{B8EFCA5F-814F-285C-A8CB-F00F14650265}"
EndProject
Project("{2150E333-8FDC-42A3-9474-1A3956D46DE8}") = "tests", "tests", "{0AB3BF05-4346-4AA6-1389-037BE0695223}"
EndProject
Project("{2150E333-8FDC-42A3-9474-1A3956D46DE8}") = "samples", "samples", "{5D20AA90-6969-D8BD-9DCD-8634F4692FDA}"
EndProject
Project("{2150E333-8FDC-42A3-9474-1A3956D46DE8}") = "business-domain-logic-models", "business-domain-logic-models", "{33D6E51A-A5CE-B8E1-454A-D27E951F5DB2}"
EndProject
Project("{FAE04EC0-301F-11D3-BF4B-00C04F79EFBC}") = "HolisticWare.Core.BusinessDomainLogicModels", "source\business-domain-logic-models\HolisticWare.Core.BusinessDomainLogicModels\HolisticWare.Core.BusinessDomainLogicModels.csproj", "{13750EDC-21F9-63EE-06F0-F5648AE1474F}"
EndProject
Project("{2150E333-8FDC-42A3-9474-1A3956D46DE8}") = "utilities", "utilities", "{E9CAFAD0-4E77-344E-C1DB-B95979029B08}"
EndProject
Project("{FAE04EC0-301F-11D3-BF4B-00C04F79EFBC}") = "HolisticWare.Utilities", "source\utilities\HolisticWare.Utilities\HolisticWare.Utilities.csproj", "{7BC2BC7B-BA0C-AAA4-5F47-75179E813281}"
EndProject
Project("{2150E333-8FDC-42A3-9474-1A3956D46DE8}") = "user-interface-ui", "user-interface-ui", "{C60493A1-B75F-B838-099D-B3B50421F281}"
EndProject
Project("{FAE04EC0-301F-11D3-BF4B-00C04F79EFBC}") = "HolisticWare.Core.UserInterfaceUI.MAUI", "source\user-interface-ui\HolisticWare.Core.UserInterfaceUI.MAUI\HolisticWare.Core.UserInterfaceUI.MAUI.csproj", "{AF72863B-B127-959C-4F60-A37A7C5A930C}"
EndProject
Project("{FAE04EC0-301F-11D3-BF4B-00C04F79EFBC}") = "HolisticWare.Core.UserInterfaceUI", "source\user-interface-ui\HolisticWare.Core.UserInterfaceUI\HolisticWare.Core.UserInterfaceUI.csproj", "{2E3983A7-4872-AE4B-553C-EA2C2878E171}"
EndProject
Project("{FAE04EC0-301F-11D3-BF4B-00C04F79EFBC}") = "HolisticWare.Core.UserInterfaceUI.Razor", "source\user-interface-ui\HolisticWare.Core.UserInterfaceUI.Razor\HolisticWare.Core.UserInterfaceUI.Razor.csproj", "{1422B796-034E-45F2-EF13-D2E5032A8E5A}"
EndProject
Project("{2150E333-8FDC-42A3-9474-1A3956D46DE8}") = "benchmark-tests", "benchmark-tests", "{B6F52BA1-97FF-0D53-4487-17DE5A8B556F}"
EndProject
Project("{FAE04EC0-301F-11D3-BF4B-00C04F79EFBC}") = "AppConsole.BenchmarkTests.BenchmarkDotNet", "tests\benchmark-tests\AppConsole.BenchmarkTests.BenchmarkDotNet\AppConsole.BenchmarkTests.BenchmarkDotNet.csproj", "{E19AB35B-CB4C-FE8B-21CA-8A4E6ECE8CD9}"
EndProject
Project("{FAE04EC0-301F-11D3-BF4B-00C04F79EFBC}") = "BenchmarkTests.BenchmarkDotNet", "tests\benchmark-tests\BenchmarkTests.BenchmarkDotNet\BenchmarkTests.BenchmarkDotNet.csproj", "{08063ED7-ECBA-0165-5677-E0D29EAAC17F}"
EndProject
Project("{2150E333-8FDC-42A3-9474-1A3956D46DE8}") = "unit-tests", "unit-tests", "{3F1FBB80-2A09-09D8-478D-A2EDF3A83FFE}"
EndProject
Project("{FAE04EC0-301F-11D3-BF4B-00C04F79EFBC}") = "UnitTests.TUnit", "tests\unit-tests\UnitTests.TUnit\UnitTests.TUnit.csproj", "{5077FA9D-B85D-69C4-5008-8A1BA142FB44}"
EndProject
Project("{FAE04EC0-301F-11D3-BF4B-00C04F79EFBC}") = "AppConsole.UnitTests.TUnit", "tests\unit-tests\AppConsole.UnitTests.TUnit\AppConsole.UnitTests.TUnit.csproj", "{95A54218-C327-7D2D-8AA7-B64D5F4FDAC0}"
EndProject
Project("{FAE04EC0-301F-11D3-BF4B-00C04F79EFBC}") = "UnitTests.MSTest", "tests\unit-tests\UnitTests.MSTest\UnitTests.MSTest.csproj", "{B14D6BA6-7260-47F7-A887-6BA8EFF00C14}"
EndProject
Project("{FAE04EC0-301F-11D3-BF4B-00C04F79EFBC}") = "UnitTests.XUnit", "tests\unit-tests\UnitTests.XUnit\UnitTests.XUnit.csproj", "{2B43A65F-4B1B-7109-14B9-4EA3B6A56023}"
EndProject
Project("{FAE04EC0-301F-11D3-BF4B-00C04F79EFBC}") = "UnitTests.NUnit", "tests\unit-tests\UnitTests.NUnit\UnitTests.NUnit.csproj", "{9A98DCE1-955B-695D-69A6-3A65197E465B}"
EndProject
Project("{2150E333-8FDC-42A3-9474-1A3956D46DE8}") = "clients", "clients", "{79ABA70B-0548-F874-D06E-1EEBAC941A4B}"
EndProject
Project("{FAE04EC0-301F-11D3-BF4B-00C04F79EFBC}") = "AppConsole.SampleDemo", "samples\clients\AppConsole.SampleDemo\AppConsole.SampleDemo.csproj", "{E20B5033-4B2C-930B-71B3-1152D9E9EDF0}"
EndProject
Global
	GlobalSection(SolutionConfigurationPlatforms) = preSolution
		Debug|Any CPU = Debug|Any CPU
		Release|Any CPU = Release|Any CPU
	EndGlobalSection
	GlobalSection(ProjectConfigurationPlatforms) = postSolution
		{13750EDC-21F9-63EE-06F0-F5648AE1474F}.Debug|Any CPU.ActiveCfg = Debug|Any CPU
		{13750EDC-21F9-63EE-06F0-F5648AE1474F}.Debug|Any CPU.Build.0 = Debug|Any CPU
		{13750EDC-21F9-63EE-06F0-F5648AE1474F}.Release|Any CPU.ActiveCfg = Release|Any CPU
		{13750EDC-21F9-63EE-06F0-F5648AE1474F}.Release|Any CPU.Build.0 = Release|Any CPU
		{7BC2BC7B-BA0C-AAA4-5F47-75179E813281}.Debug|Any CPU.ActiveCfg = Debug|Any CPU
		{7BC2BC7B-BA0C-AAA4-5F47-75179E813281}.Debug|Any CPU.Build.0 = Debug|Any CPU
		{7BC2BC7B-BA0C-AAA4-5F47-75179E813281}.Release|Any CPU.ActiveCfg = Release|Any CPU
		{7BC2BC7B-BA0C-AAA4-5F47-75179E813281}.Release|Any CPU.Build.0 = Release|Any CPU
		{AF72863B-B127-959C-4F60-A37A7C5A930C}.Debug|Any CPU.ActiveCfg = Debug|Any CPU
		{AF72863B-B127-959C-4F60-A37A7C5A930C}.Debug|Any CPU.Build.0 = Debug|Any CPU
		{AF72863B-B127-959C-4F60-A37A7C5A930C}.Release|Any CPU.ActiveCfg = Release|Any CPU
		{AF72863B-B127-959C-4F60-A37A7C5A930C}.Release|Any CPU.Build.0 = Release|Any CPU
		{2E3983A7-4872-AE4B-553C-EA2C2878E171}.Debug|Any CPU.ActiveCfg = Debug|Any CPU
		{2E3983A7-4872-AE4B-553C-EA2C2878E171}.Debug|Any CPU.Build.0 = Debug|Any CPU
		{2E3983A7-4872-AE4B-553C-EA2C2878E171}.Release|Any CPU.ActiveCfg = Release|Any CPU
		{2E3983A7-4872-AE4B-553C-EA2C2878E171}.Release|Any CPU.Build.0 = Release|Any CPU
		{1422B796-034E-45F2-EF13-D2E5032A8E5A}.Debug|Any CPU.ActiveCfg = Debug|Any CPU
		{1422B796-034E-45F2-EF13-D2E5032A8E5A}.Debug|Any CPU.Build.0 = Debug|Any CPU
		{1422B796-034E-45F2-EF13-D2E5032A8E5A}.Release|Any CPU.ActiveCfg = Release|Any CPU
		{1422B796-034E-45F2-EF13-D2E5032A8E5A}.Release|Any CPU.Build.0 = Release|Any CPU
		{E19AB35B-CB4C-FE8B-21CA-8A4E6ECE8CD9}.Debug|Any CPU.ActiveCfg = Debug|Any CPU
		{E19AB35B-CB4C-FE8B-21CA-8A4E6ECE8CD9}.Debug|Any CPU.Build.0 = Debug|Any CPU
		{E19AB35B-CB4C-FE8B-21CA-8A4E6ECE8CD9}.Release|Any CPU.ActiveCfg = Release|Any CPU
		{E19AB35B-CB4C-FE8B-21CA-8A4E6ECE8CD9}.Release|Any CPU.Build.0 = Release|Any CPU
		{08063ED7-ECBA-0165-5677-E0D29EAAC17F}.Debug|Any CPU.ActiveCfg = Debug|Any CPU
		{08063ED7-ECBA-0165-5677-E0D29EAAC17F}.Debug|Any CPU.Build.0 = Debug|Any CPU
		{08063ED7-ECBA-0165-5677-E0D29EAAC17F}.Release|Any CPU.ActiveCfg = Release|Any CPU
		{08063ED7-ECBA-0165-5677-E0D29EAAC17F}.Release|Any CPU.Build.0 = Release|Any CPU
		{5077FA9D-B85D-69C4-5008-8A1BA142FB44}.Debug|Any CPU.ActiveCfg = Debug|Any CPU
		{5077FA9D-B85D-69C4-5008-8A1BA142FB44}.Debug|Any CPU.Build.0 = Debug|Any CPU
		{5077FA9D-B85D-69C4-5008-8A1BA142FB44}.Release|Any CPU.ActiveCfg = Release|Any CPU
		{5077FA9D-B85D-69C4-5008-8A1BA142FB44}.Release|Any CPU.Build.0 = Release|Any CPU
		{95A54218-C327-7D2D-8AA7-B64D5F4FDAC0}.Debug|Any CPU.ActiveCfg = Debug|Any CPU
		{95A54218-C327-7D2D-8AA7-B64D5F4FDAC0}.Debug|Any CPU.Build.0 = Debug|Any CPU
		{95A54218-C327-7D2D-8AA7-B64D5F4FDAC0}.Release|Any CPU.ActiveCfg = Release|Any CPU
		{95A54218-C327-7D2D-8AA7-B64D5F4FDAC0}.Release|Any CPU.Build.0 = Release|Any CPU
		{B14D6BA6-7260-47F7-A887-6BA8EFF00C14}.Debug|Any CPU.ActiveCfg = Debug|Any CPU
		{B14D6BA6-7260-47F7-A887-6BA8EFF00C14}.Debug|Any CPU.Build.0 = Debug|Any CPU
		{B14D6BA6-7260-47F7-A887-6BA8EFF00C14}.Release|Any CPU.ActiveCfg = Release|Any CPU
		{B14D6BA6-7260-47F7-A887-6BA8EFF00C14}.Release|Any CPU.Build.0 = Release|Any CPU
		{2B43A65F-4B1B-7109-14B9-4EA3B6A56023}.Debug|Any CPU.ActiveCfg = Debug|Any CPU
		{2B43A65F-4B1B-7109-14B9-4EA3B6A56023}.Debug|Any CPU.Build.0 = Debug|Any CPU
		{2B43A65F-4B1B-7109-14B9-4EA3B6A56023}.Release|Any CPU.ActiveCfg = Release|Any CPU
		{2B43A65F-4B1B-7109-14B9-4EA3B6A56023}.Release|Any CPU.Build.0 = Release|Any CPU
		{9A98DCE1-955B-695D-69A6-3A65197E465B}.Debug|Any CPU.ActiveCfg = Debug|Any CPU
		{9A98DCE1-955B-695D-69A6-3A65197E465B}.Debug|Any CPU.Build.0 = Debug|Any CPU
		{9A98DCE1-955B-695D-69A6-3A65197E465B}.Release|Any CPU.ActiveCfg = Release|Any CPU
		{9A98DCE1-955B-695D-69A6-3A65197E465B}.Release|Any CPU.Build.0 = Release|Any CPU
		{E20B5033-4B2C-930B-71B3-1152D9E9EDF0}.Debug|Any CPU.ActiveCfg = Debug|Any CPU
		{E20B5033-4B2C-930B-71B3-1152D9E9EDF0}.Debug|Any CPU.Build.0 = Debug|Any CPU
		{E20B5033-4B2C-930B-71B3-1152D9E9EDF0}.Release|Any CPU.ActiveCfg = Release|Any CPU
		{E20B5033-4B2C-930B-71B3-1152D9E9EDF0}.Release|Any CPU.Build.0 = Release|Any CPU
	EndGlobalSection
	GlobalSection(SolutionProperties) = preSolution
		HideSolutionNode = FALSE
	EndGlobalSection
	GlobalSection(NestedProjects) = preSolution
		{33D6E51A-A5CE-B8E1-454A-D27E951F5DB2} = {B8EFCA5F-814F-285C-A8CB-F00F14650265}
		{13750EDC-21F9-63EE-06F0-F5648AE1474F} = {33D6E51A-A5CE-B8E1-454A-D27E951F5DB2}
		{E9CAFAD0-4E77-344E-C1DB-B95979029B08} = {B8EFCA5F-814F-285C-A8CB-F00F14650265}
		{7BC2BC7B-BA0C-AAA4-5F47-75179E813281} = {E9CAFAD0-4E77-344E-C1DB-B95979029B08}
		{C60493A1-B75F-B838-099D-B3B50421F281} = {B8EFCA5F-814F-285C-A8CB-F00F14650265}
		{AF72863B-B127-959C-4F60-A37A7C5A930C} = {C60493A1-B75F-B838-099D-B3B50421F281}
		{2E3983A7-4872-AE4B-553C-EA2C2878E171} = {C60493A1-B75F-B838-099D-B3B50421F281}
		{1422B796-034E-45F2-EF13-D2E5032A8E5A} = {C60493A1-B75F-B838-099D-B3B50421F281}
		{B6F52BA1-97FF-0D53-4487-17DE5A8B556F} = {0AB3BF05-4346-4AA6-1389-037BE0695223}
		{E19AB35B-CB4C-FE8B-21CA-8A4E6ECE8CD9} = {B6F52BA1-97FF-0D53-4487-17DE5A8B556F}
		{08063ED7-ECBA-0165-5677-E0D29EAAC17F} = {B6F52BA1-97FF-0D53-4487-17DE5A8B556F}
		{3F1FBB80-2A09-09D8-478D-A2EDF3A83FFE} = {0AB3BF05-4346-4AA6-1389-037BE0695223}
		{5077FA9D-B85D-69C4-5008-8A1BA142FB44} = {3F1FBB80-2A09-09D8-478D-A2EDF3A83FFE}
		{95A54218-C327-7D2D-8AA7-B64D5F4FDAC0} = {3F1FBB80-2A09-09D8-478D-A2EDF3A83FFE}
		{B14D6BA6-7260-47F7-A887-6BA8EFF00C14} = {3F1FBB80-2A09-09D8-478D-A2EDF3A83FFE}
		{2B43A65F-4B1B-7109-14B9-4EA3B6A56023} = {3F1FBB80-2A09-09D8-478D-A2EDF3A83FFE}
		{9A98DCE1-955B-695D-69A6-3A65197E465B} = {3F1FBB80-2A09-09D8-478D-A2EDF3A83FFE}
		{79ABA70B-0548-F874-D06E-1EEBAC941A4B} = {5D20AA90-6969-D8BD-9DCD-8634F4692FDA}
		{E20B5033-4B2C-930B-71B3-1152D9E9EDF0} = {79ABA70B-0548-F874-D06E-1EEBAC941A4B}
	EndGlobalSection
	GlobalSection(ExtensibilityGlobals) = postSolution
		SolutionGuid = {34976AF8-A6A9-4F41-AD02-46D72A371A2B}
	EndGlobalSection
EndGlobal
