<Solution>
  <Folder Name="/project/">
    <File Path="./README.md" />
    <File Path="./AGENTS.md" />
    <File Path="./CLAUDE.md" />
    <File Path="./GEMINI.md" />
    <File Path="./QWEN.md" />
    <File Path="./Directory.Build.props" />
    <File Path="./LICENSE" />
  </Folder>
  <!--
  source libraries 
  business/domain logic
  infrastructure
  -->
  <Folder Name="/project/source/">
    <File Path="Directory.Build.props" />
    <File Path="Directory.Packages.props.txt" />
  </Folder>
  <Folder Name="/project/source/business-domain-logic-models/">
    <File Path="./source/business-domain-logic-models/Directory.Build.props" />
    <Project Path="./source/business-domain-logic-models/HolisticWare.Core.BusinessDomainLogicModels/HolisticWare.Core.BusinessDomainLogicModels.csproj" />
  </Folder>
  <Folder Name="/project/source/user-interface-ui/">
    <File Path="./source/user-interface-ui/Directory.Build.props" />
    <Project Path="./source/user-interface-ui/HolisticWare.Core.UserInterfaceUI/HolisticWare.Core.UserInterfaceUI.csproj" />
  </Folder>  
  <Folder Name="/project/source/user-interface-ui/maui/">
    <File Path="./source/user-interface-ui/maui/Directory.Build.props" />
    <Project Path="./source/user-interface-ui/maui/HolisticWare.Core.UserInterfaceUI.MAUI/HolisticWare.Core.UserInterfaceUI.MAUI.csproj" />
  </Folder>
  <Folder Name="/project/source/user-interface-ui/razor-blazor/">
    <File Path="./source/user-interface-ui/razor-blazor/Directory.Build.props" />
    <Project Path="./source/user-interface-ui/razor-blazor/HolisticWare.Core.UserInterfaceUI.Razor/HolisticWare.Core.UserInterfaceUI.Razor.csproj" />
  </Folder>
  <Folder Name="/project/source/utilities/">
    <File Path="./source/utilities/Directory.Build.props" />
    <Project Path="./source/utilities/HolisticWare.Utilities/HolisticWare.Utilities.csproj" />
  </Folder>
  <Folder Name="/project/source/infrastructure/">
    <File Path="./source/infrastructure/Directory.Build.props" />
  </Folder>
  <Folder Name="/project/source/infrastructure/data/">
    <File Path="./source/infrastructure/data/Directory.Build.props" />
    <Project Path="./source/infrastructure/data/HolisticWare.Infrastructure.Data/HolisticWare.Infrastructure.Data.csproj" />
  </Folder>
  <Folder Name="/project/source/infrastructure/database/">
    <File Path="./source/infrastructure/database/Directory.Build.props" />
    <Project Path="./source/infrastructure/database/HolisticWare.Infrastructure.DataBase/HolisticWare.Infrastructure.DataBase.csproj" />
  </Folder>
  <!--
  tests
  -->
  <Folder Name="/project/tests/">
    <File Path="./tests/readme.md" />
    <File Path="./tests/Directory.Build.props" />
  </Folder>
  <Folder Name="/project/tests/common/">
    <File Path="./tests/benchmark-tests/common/readme.md" />
    <File Path="./tests/common/Directory.Build.props" />
    <File Path="./tests/Directory.Build.props" />
    <Project Path="tests/common/Tests.Common.Shared/Tests.Common.Shared.csproj" />
    <Project Path="tests/common/Tests.Common/Tests.Common.csproj" />
  </Folder>
  <!--
  tests
      unit-tests
  -->
  <Folder Name="/project/tests/unit-tests/">
    <File Path="./tests/unit-tests/readme.md" />
    <File Path="./tests/unit-tests/Directory.Build.props" />
    <Project Path="./tests/unit-tests/AppConsole.UnitTests.TUnit/AppConsole.UnitTests.TUnit.csproj" />
    <Project Path="./tests/unit-tests/UnitTests.MSTest/UnitTests.MSTest.csproj" />
    <Project Path="./tests/unit-tests/UnitTests.NUnit/UnitTests.NUnit.csproj" />
    <Project Path="./tests/unit-tests/UnitTests.TUnit/UnitTests.TUnit.csproj" />
    <Project Path="./tests/unit-tests/UnitTests.XUnit/UnitTests.XUnit.csproj" />
  </Folder>
  <Folder Name="/project/tests/unit-tests/common/">
    <File Path="./tests/unit-tests/common/Directory.Build.props" />
    <Project Path="./tests/unit-tests/common/UnitTests.Common/UnitTests.Common.csproj" />
    <Project Path="./tests/unit-tests/common/UnitTests.Common.Shared/UnitTests.Common.Shared.csproj" />
  </Folder>  
  <!--
  tests
      benchmark-tests
  -->
  <Folder Name="/project/tests/benchmark-tests/">
    <File Path="./tests/benchmark-tests/readme.md" />
    <File Path="./tests/benchmark-tests/Directory.Build.props" />
    <Project Path="./tests/benchmark-tests/AppConsole.BenchmarkTests.BenchmarkDotNet/AppConsole.BenchmarkTests.BenchmarkDotNet.csproj" />
    <Project Path="./tests/benchmark-tests/BenchmarkTests.BenchmarkDotNet/BenchmarkTests.BenchmarkDotNet.csproj" />
  </Folder>
  <Folder Name="/project/tests/benchmark-tests/common/">
    <File Path="./tests/benchmark-tests/common/readme.md" />
    <File Path="./tests/benchmark-tests/common/Directory.Build.props" />
    <Project Path="./tests/benchmark-tests/common/BenchmarkTests.Common/BenchmarkTests.Common.csproj" />
    <Project Path="./tests/benchmark-tests/common/BenchmarkTests.Common.Shared/BenchmarkTests.Common.Shared.csproj" />
  </Folder>  
  <!--
  tests
      end-to-end tests
  -->
  <Folder Name="/project/tests/end-to-end-tests/">
     <File Path="./tests/end-to-end-tests/Directory.Build.props" />
    <Project Path="./tests/end-to-end-tests/AppConsole.EndToEndTests.TUnit/AppConsole.EndToEndTests.TUnit.csproj" />
    <Project Path="./tests/end-to-end-tests/EndToEndTests.MSTest/EndToEndTests.MSTest.csproj" />
    <Project Path="./tests/end-to-end-tests/EndToEndTests.NUnit/EndToEndTests.NUnit.csproj" />
    <Project Path="./tests/end-to-end-tests/EndToEndTests.TUnit/EndToEndTests.TUnit.csproj" />
    <Project Path="./tests/end-to-end-tests/EndToEndTests.XUnit/EndToEndTests.XUnit.csproj" />
  </Folder>
  <!--
  docs
  -->
  <Folder Name="/project/docs/">
  </Folder>
  <!--
  AI coding assistants
  -->
  <Folder Name="/project/.github/">
  </Folder>
  <Folder Name="/project/.opencode/">
  </Folder>
  <Folder Name="/project/.vscode/">
  </Folder>
  <Folder Name="/project/.hwaifs/">
  </Folder>
  <!--
  samples demos
  -->
  <Folder Name="/project/samples/">
    <File Path="./samples/Directory.Build.props" />
    <File Path="./samples/Directory.Packages.props.txt" />
  </Folder>
  <Folder Name="/project/samples/clients/">
  </Folder>
  <Folder Name="/project/samples/clients/console/">
  </Folder>
  <Folder Name="/project/samples/clients/console/tui/">
  </Folder>
  <Folder Name="/project/samples/clients/console/cli/">
  </Folder>
  <Folder Name="/project/samples/clients/maui/">
  </Folder>
  <Folder Name="/project/samples/clients/maui/App_MAUI/">
  </Folder>
  <Folder Name="/project/samples/clients/maui/App_MAUIApp/">
  </Folder>
  <Folder Name="/project/samples/clients/maui/App_MAUI_Comet/">
  </Folder>
  <Folder Name="/project/samples/clients/maui/App_MAUI_Micro/">
  </Folder>
  <Folder Name="/project/samples/clients/maui/App_MAUI_Enterprise/">
  </Folder>
  <Folder Name="/project/samples/clients/maui/App_MAUI_MultiProject/">
  </Folder>  
  <Folder Name="/project/samples/clients/maui/App_MAUI_MultiHead/">
  </Folder>
  <Folder Name="/project/samples/clients/maui-blazor-hybrid/App_MAUI_Blazor_Hybrid/">
  </Folder>
  <Folder Name="/project/samples/clients/maui-blazor-hybrid/App_Blazor_MobileBindings/">
  </Folder>
  <Folder Name="/project/samples/clients/maui-blazor-hybrid/" />
  <Folder Name="/project/samples/clients/maui-blazor-hybrid/App_BlazorHybrid/">
  </Folder>
  
  <Folder Name="/project/samples/clients/avalonia/">
  </Folder>
  <Folder Name="/project/samples/servers/">
  </Folder>
  <Folder Name="/project/samples/servers/blazor/">
  </Folder>
  <Folder Name="/project/samples/servers/apps-headless/">
    <File Path="samples\servers\apps-headless\Directory.Build.props" />
    <File Path="samples\servers\apps-headless\readme.md" />
  </Folder>
  <Folder Name="/project/samples/servers/apps-headless/APIs/">
    <File Path="samples\servers\apps-headless\APIs\Directory.Build.props" />
    <File Path="samples\servers\apps-headless\APIs\readme.md" />
    <Project Path="samples/servers/apps-headless/APIs/App_OData_WebAPI/App_OData_WebAPI.csproj" />
    <Project Path="samples/servers/apps-headless/APIs/App_REST_WebAPI_Minimal/App_REST_WebAPI_Minimal.csproj" />
    <Project Path="samples/servers/apps-headless/APIs/App_REST_WebAPI_Minimal_AOT/App_REST_WebAPI_Minimal_AOT.csproj" />
    <Project Path="samples/servers/apps-headless/APIs/App_REST_WebAPI_Minimal_MVC_Controllers/App_REST_WebAPI_Minimal_MVC_Controllers.csproj" />
  </Folder>
  <Folder Name="/project/samples/orchestration/">
    <File Path="samples\orchestration\Directory.Build.props" />
  </Folder>
  <Folder Name="/project/samples/orchestration/App_Aspire_Starter/">
    <Project Path="samples/orchestration/App_Aspire_Starter/App_Aspire_Starter.ApiService/App_Aspire_Starter.ApiService.csproj" />
    <Project Path="samples/orchestration/App_Aspire_Starter/App_Aspire_Starter.AppHost/App_Aspire_Starter.AppHost.csproj" />
    <Project Path="samples/orchestration/App_Aspire_Starter/App_Aspire_Starter.ServiceDefaults/App_Aspire_Starter.ServiceDefaults.csproj" />
    <Project Path="samples/orchestration/App_Aspire_Starter/App_Aspire_Starter.Web/App_Aspire_Starter.Web.csproj" />
  </Folder>
  <Folder Name="/project/samples/orchestration/App_Aspire_AppHost_Single_File/">
    <File Path="samples\orchestration\App_Aspire_AppHost_Single_File\apphost.cs" />
  </Folder>
  <Folder Name="/project/samples/servers/blazor/fluent/">
    <Project Path="samples/servers/apps/blazor/fluent/App_Blazor_Fluent/App_Blazor_Fluent.csproj" />
    <Project Path="samples/servers/apps/blazor/fluent/App_Blazor_Fluent_WASM/App_Blazor_Fluent_WASM.csproj" />
  </Folder>
  <Folder Name="/project/samples/servers/blazor/fluentui/">
    <Project Path="samples/servers/apps/blazor/fluentui/App_Blazor_Server_FluentUI/App_Blazor_Server_FluentUI.csproj" />
    <Project Path="samples/servers/apps/blazor/fluentui/App_Blazor_WASM_FluentUI/App_Blazor_WASM_FluentUI.csproj" />
  </Folder>
  <Folder Name="/project/samples/servers/blazor/shadcn-ui/">
    <Project Path="samples/servers/apps/blazor/shadcn-ui/App_Blazor_Blueprint/App_Blazor_Blueprint.Client/App_Blazor_Blueprint.Client.csproj" />
    <Project Path="samples/servers/apps/blazor/shadcn-ui/App_Blazor_Blueprint/App_Blazor_Blueprint.csproj" />
  </Folder>

</Solution>
