
Microsoft Visual Studio Solution File, Format Version 12.00
# Visual Studio Version 16
VisualStudioVersion = 16.0.29025.244
MinimumVisualStudioVersion = 10.0.40219.1
Project("{2150E333-8FDC-42A3-9474-1A3956D46DE8}") = "App_MAUI_Enterprise.Mobile", "App_MAUI_Enterprise.Mobile", "{438E896B-796A-435D-8291-5E81CB22B12B}"
EndProject
Project("{2150E333-8FDC-42A3-9474-1A3956D46DE8}") = "App_MAUI_Enterprise.Core", "App_MAUI_Enterprise.Core", "{95B794BA-6BD4-4222-A124-D4F10D99C491}"
EndProject
Project("{2150E333-8FDC-42A3-9474-1A3956D46DE8}") = "App_MAUI_Enterprise.Test", "App_MAUI_Enterprise.Test", "{98A3B098-2468-4209-AD55-CE1C430D33DD}"
EndProject
Project("{2150E333-8FDC-42A3-9474-1A3956D46DE8}") = "App_MAUI_Enterprise.Web", "App_MAUI_Enterprise.Web", "{F666305C-2681-408C-BD9F-010353BCCF03}"
EndProject
Project("{FAE04EC0-301F-11D3-BF4B-00C04F79EFBC}") = "App_MAUI_Enterprise.Mobile.UITest", "App_MAUI_Enterprise\App_MAUI_Enterprise.Test\App_MAUI_Enterprise.Mobile.UITest\App_MAUI_Enterprise.Mobile.UITest.csproj", "{B19C892E-2628-4CA7-AD27-08D406A3B14B}"
EndProject
Project("{9A19103F-16F7-4668-BE54-9A1E7A4F7556}") = "App_MAUI_Enterprise.Web.UnitTest", "App_MAUI_Enterprise\App_MAUI_Enterprise.Test\App_MAUI_Enterprise.Web.UnitTest\App_MAUI_Enterprise.Web.UnitTest.csproj", "{4966FC06-8A5C-452D-A858-3EABC6BB5460}"
EndProject
Project("{9A19103F-16F7-4668-BE54-9A1E7A4F7556}") = "App_MAUI_Enterprise.Web", "App_MAUI_Enterprise\App_MAUI_Enterprise.Web\App_MAUI_Enterprise.Web\App_MAUI_Enterprise.Web.csproj", "{4098C142-3D6F-42C5-B801-6E449392C785}"
EndProject
Project("{9A19103F-16F7-4668-BE54-9A1E7A4F7556}") = "App_MAUI_Enterprise.Mobile", "App_MAUI_Enterprise\App_MAUI_Enterprise.Mobile\App_MAUI_Enterprise.Mobile\App_MAUI_Enterprise.Mobile.csproj", "{39D1400A-FC3E-4BFF-B902-B7F1BB45DA5A}"
EndProject
Project("{FAE04EC0-301F-11D3-BF4B-00C04F79EFBC}") = "App_MAUI_Enterprise.Mobile.Android", "App_MAUI_Enterprise\App_MAUI_Enterprise.Mobile\App_MAUI_Enterprise.Mobile.Android\App_MAUI_Enterprise.Mobile.Android.csproj", "{B1496C21-3FA3-4967-9D66-7E8C60926614}"
EndProject
Project("{FAE04EC0-301F-11D3-BF4B-00C04F79EFBC}") = "App_MAUI_Enterprise.Mobile.iOS", "App_MAUI_Enterprise\App_MAUI_Enterprise.Mobile\App_MAUI_Enterprise.Mobile.iOS\App_MAUI_Enterprise.Mobile.iOS.csproj", "{FB54B168-4088-468B-B08A-EA2C9EFBD97F}"
EndProject
Project("{FAE04EC0-301F-11D3-BF4B-00C04F79EFBC}") = "App_MAUI_Enterprise.Mobile.UWP", "App_MAUI_Enterprise\App_MAUI_Enterprise.Mobile\App_MAUI_Enterprise.Mobile.UWP\App_MAUI_Enterprise.Mobile.UWP.csproj", "{C5FED79C-2684-434B-95DD-15A69F461AD1}"
EndProject
Project("{9A19103F-16F7-4668-BE54-9A1E7A4F7556}") = "App_MAUI_Enterprise.Core", "App_MAUI_Enterprise\App_MAUI_Enterprise.Core\App_MAUI_Enterprise.Core\App_MAUI_Enterprise.Core.csproj", "{CE70BD26-1962-4AC8-B239-88063E7B1041}"
EndProject
Project("{2150E333-8FDC-42A3-9474-1A3956D46DE8}") = "App_MAUI_Enterprise.ML", "App_MAUI_Enterprise.ML", "{9C4DF773-18FD-4492-9DA2-2C1B356A3C2D}"
EndProject
Project("{9A19103F-16F7-4668-BE54-9A1E7A4F7556}") = "App_MAUI_Enterprise.ML.Train", "App_MAUI_Enterprise\App_MAUI_Enterprise.ML\App_MAUI_Enterprise.ML.Train\App_MAUI_Enterprise.ML.Train.csproj", "{FD5C091D-FA0C-4CE6-B14B-9BC76393E6ED}"
EndProject
Project("{9A19103F-16F7-4668-BE54-9A1E7A4F7556}") = "App_MAUI_Enterprise.ML.Consume", "App_MAUI_Enterprise\App_MAUI_Enterprise.ML\App_MAUI_Enterprise.ML.Consume\App_MAUI_Enterprise.ML.Consume.csproj", "{38E461E3-F2F0-4300-BDFA-A865A972CA78}"
EndProject
Project("{9A19103F-16F7-4668-BE54-9A1E7A4F7556}") = "App_MAUI_Enterprise.Mobile.Tizen", "App_MAUI_Enterprise\App_MAUI_Enterprise.Mobile\App_MAUI_Enterprise.Mobile.Tizen\App_MAUI_Enterprise.Mobile.Tizen.csproj", "{DCB8733F-6C7D-47BE-9C57-836D4B90D3C5}"
EndProject
Project("{9A19103F-16F7-4668-BE54-9A1E7A4F7556}") = "App_MAUI_Enterprise.Core.UnitTest", "App_MAUI_Enterprise\App_MAUI_Enterprise.Test\App_MAUI_Enterprise.Core.UnitTest\App_MAUI_Enterprise.Core.UnitTest.csproj", "{58C592C6-28CA-4889-BB53-46E9EE2E2854}"
EndProject
Project("{2150E333-8FDC-42A3-9474-1A3956D46DE8}") = "App_MAUI_Enterprise.Desktop", "App_MAUI_Enterprise.Desktop", "{7ADF6D7B-E50E-4904-AE24-DB0386BCEEC1}"
EndProject
Project("{9A19103F-16F7-4668-BE54-9A1E7A4F7556}") = "App_MAUI_Enterprise.Desktop.WinForm", "App_MAUI_Enterprise\App_MAUI_Enterprise.Desktop\App_MAUI_Enterprise.Desktop.WinForm\App_MAUI_Enterprise.Desktop.WinForm.csproj", "{BB6A95E5-E9EE-4F79-A898-6E46A184CA2F}"
EndProject
Project("{9A19103F-16F7-4668-BE54-9A1E7A4F7556}") = "App_MAUI_Enterprise.Desktop.WPF", "App_MAUI_Enterprise\App_MAUI_Enterprise.Desktop\App_MAUI_Enterprise.Desktop.WPF\App_MAUI_Enterprise.Desktop.WPF.csproj", "{2FDC782E-44F1-42DA-9F23-BF92E2915AF2}"
EndProject
Project("{9A19103F-16F7-4668-BE54-9A1E7A4F7556}") = "App_MAUI_Enterprise.Web.Static", "App_MAUI_Enterprise\App_MAUI_Enterprise.Web\App_MAUI_Enterprise.Web.Static\App_MAUI_Enterprise.Web.Static.csproj", "{95011B69-121F-4762-8B99-C0890B6324E5}"
EndProject
Project("{2150E333-8FDC-42A3-9474-1A3956D46DE8}") = "App_MAUI_Enterprise.Prototype", "App_MAUI_Enterprise.Prototype", "{F744FBE6-99DE-4900-919A-44F43245BA6D}"
	ProjectSection(SolutionItems) = preProject
		App_MAUI_Enterprise\App_MAUI_Enterprise.Prototype\App_MAUI_Enterprise.Core.xd = App_MAUI_Enterprise\App_MAUI_Enterprise.Prototype\App_MAUI_Enterprise.Core.xd
		App_MAUI_Enterprise\App_MAUI_Enterprise.Prototype\App_MAUI_Enterprise.Desktop.xd = App_MAUI_Enterprise\App_MAUI_Enterprise.Prototype\App_MAUI_Enterprise.Desktop.xd
		App_MAUI_Enterprise\App_MAUI_Enterprise.Prototype\App_MAUI_Enterprise.Mobile.xd = App_MAUI_Enterprise\App_MAUI_Enterprise.Prototype\App_MAUI_Enterprise.Mobile.xd
		App_MAUI_Enterprise\App_MAUI_Enterprise.Prototype\App_MAUI_Enterprise.UIKit.xd = App_MAUI_Enterprise\App_MAUI_Enterprise.Prototype\App_MAUI_Enterprise.UIKit.xd
		App_MAUI_Enterprise\App_MAUI_Enterprise.Prototype\App_MAUI_Enterprise.Web.xd = App_MAUI_Enterprise\App_MAUI_Enterprise.Prototype\App_MAUI_Enterprise.Web.xd
	EndProjectSection
EndProject
Project("{2150E333-8FDC-42A3-9474-1A3956D46DE8}") = "SolutionItems", "SolutionItems", "{0C608086-E4F8-4C90-B0CD-60CF4C670ECD}"
	ProjectSection(SolutionItems) = preProject
		SolutionItems\build.props = SolutionItems\build.props
		SolutionItems\key.snk = SolutionItems\key.snk
		SolutionItems\License.txt = SolutionItems\License.txt
	EndProjectSection
EndProject
Global
	GlobalSection(SolutionConfigurationPlatforms) = preSolution
		Ad-Hoc|Any CPU = Ad-Hoc|Any CPU
		Ad-Hoc|ARM = Ad-Hoc|ARM
		Ad-Hoc|iPhone = Ad-Hoc|iPhone
		Ad-Hoc|iPhoneSimulator = Ad-Hoc|iPhoneSimulator
		Ad-Hoc|x64 = Ad-Hoc|x64
		Ad-Hoc|x86 = Ad-Hoc|x86
		AppStore|Any CPU = AppStore|Any CPU
		AppStore|ARM = AppStore|ARM
		AppStore|iPhone = AppStore|iPhone
		AppStore|iPhoneSimulator = AppStore|iPhoneSimulator
		AppStore|x64 = AppStore|x64
		AppStore|x86 = AppStore|x86
		Debug|Any CPU = Debug|Any CPU
		Debug|ARM = Debug|ARM
		Debug|iPhone = Debug|iPhone
		Debug|iPhoneSimulator = Debug|iPhoneSimulator
		Debug|x64 = Debug|x64
		Debug|x86 = Debug|x86
		Release|Any CPU = Release|Any CPU
		Release|ARM = Release|ARM
		Release|iPhone = Release|iPhone
		Release|iPhoneSimulator = Release|iPhoneSimulator
		Release|x64 = Release|x64
		Release|x86 = Release|x86
	EndGlobalSection
	GlobalSection(ProjectConfigurationPlatforms) = postSolution
		{B19C892E-2628-4CA7-AD27-08D406A3B14B}.Ad-Hoc|Any CPU.ActiveCfg = Release|Any CPU
		{B19C892E-2628-4CA7-AD27-08D406A3B14B}.Ad-Hoc|Any CPU.Build.0 = Release|Any CPU
		{B19C892E-2628-4CA7-AD27-08D406A3B14B}.Ad-Hoc|ARM.ActiveCfg = Release|Any CPU
		{B19C892E-2628-4CA7-AD27-08D406A3B14B}.Ad-Hoc|ARM.Build.0 = Release|Any CPU
		{B19C892E-2628-4CA7-AD27-08D406A3B14B}.Ad-Hoc|iPhone.ActiveCfg = Release|Any CPU
		{B19C892E-2628-4CA7-AD27-08D406A3B14B}.Ad-Hoc|iPhone.Build.0 = Release|Any CPU
		{B19C892E-2628-4CA7-AD27-08D406A3B14B}.Ad-Hoc|iPhoneSimulator.ActiveCfg = Release|Any CPU
		{B19C892E-2628-4CA7-AD27-08D406A3B14B}.Ad-Hoc|iPhoneSimulator.Build.0 = Release|Any CPU
		{B19C892E-2628-4CA7-AD27-08D406A3B14B}.Ad-Hoc|x64.ActiveCfg = Release|Any CPU
		{B19C892E-2628-4CA7-AD27-08D406A3B14B}.Ad-Hoc|x64.Build.0 = Release|Any CPU
		{B19C892E-2628-4CA7-AD27-08D406A3B14B}.Ad-Hoc|x86.ActiveCfg = Release|Any CPU
		{B19C892E-2628-4CA7-AD27-08D406A3B14B}.Ad-Hoc|x86.Build.0 = Release|Any CPU
		{B19C892E-2628-4CA7-AD27-08D406A3B14B}.AppStore|Any CPU.ActiveCfg = Release|Any CPU
		{B19C892E-2628-4CA7-AD27-08D406A3B14B}.AppStore|Any CPU.Build.0 = Release|Any CPU
		{B19C892E-2628-4CA7-AD27-08D406A3B14B}.AppStore|ARM.ActiveCfg = Release|Any CPU
		{B19C892E-2628-4CA7-AD27-08D406A3B14B}.AppStore|ARM.Build.0 = Release|Any CPU
		{B19C892E-2628-4CA7-AD27-08D406A3B14B}.AppStore|iPhone.ActiveCfg = Release|Any CPU
		{B19C892E-2628-4CA7-AD27-08D406A3B14B}.AppStore|iPhone.Build.0 = Release|Any CPU
		{B19C892E-2628-4CA7-AD27-08D406A3B14B}.AppStore|iPhoneSimulator.ActiveCfg = Release|Any CPU
		{B19C892E-2628-4CA7-AD27-08D406A3B14B}.AppStore|iPhoneSimulator.Build.0 = Release|Any CPU
		{B19C892E-2628-4CA7-AD27-08D406A3B14B}.AppStore|x64.ActiveCfg = Release|Any CPU
		{B19C892E-2628-4CA7-AD27-08D406A3B14B}.AppStore|x64.Build.0 = Release|Any CPU
		{B19C892E-2628-4CA7-AD27-08D406A3B14B}.AppStore|x86.ActiveCfg = Release|Any CPU
		{B19C892E-2628-4CA7-AD27-08D406A3B14B}.AppStore|x86.Build.0 = Release|Any CPU
		{B19C892E-2628-4CA7-AD27-08D406A3B14B}.Debug|Any CPU.ActiveCfg = Debug|Any CPU
		{B19C892E-2628-4CA7-AD27-08D406A3B14B}.Debug|Any CPU.Build.0 = Debug|Any CPU
		{B19C892E-2628-4CA7-AD27-08D406A3B14B}.Debug|ARM.ActiveCfg = Debug|Any CPU
		{B19C892E-2628-4CA7-AD27-08D406A3B14B}.Debug|ARM.Build.0 = Debug|Any CPU
		{B19C892E-2628-4CA7-AD27-08D406A3B14B}.Debug|iPhone.ActiveCfg = Debug|Any CPU
		{B19C892E-2628-4CA7-AD27-08D406A3B14B}.Debug|iPhone.Build.0 = Debug|Any CPU
		{B19C892E-2628-4CA7-AD27-08D406A3B14B}.Debug|iPhoneSimulator.ActiveCfg = Debug|Any CPU
		{B19C892E-2628-4CA7-AD27-08D406A3B14B}.Debug|iPhoneSimulator.Build.0 = Debug|Any CPU
		{B19C892E-2628-4CA7-AD27-08D406A3B14B}.Debug|x64.ActiveCfg = Debug|Any CPU
		{B19C892E-2628-4CA7-AD27-08D406A3B14B}.Debug|x64.Build.0 = Debug|Any CPU
		{B19C892E-2628-4CA7-AD27-08D406A3B14B}.Debug|x86.ActiveCfg = Debug|Any CPU
		{B19C892E-2628-4CA7-AD27-08D406A3B14B}.Debug|x86.Build.0 = Debug|Any CPU
		{B19C892E-2628-4CA7-AD27-08D406A3B14B}.Release|Any CPU.ActiveCfg = Release|Any CPU
		{B19C892E-2628-4CA7-AD27-08D406A3B14B}.Release|Any CPU.Build.0 = Release|Any CPU
		{B19C892E-2628-4CA7-AD27-08D406A3B14B}.Release|ARM.ActiveCfg = Release|Any CPU
		{B19C892E-2628-4CA7-AD27-08D406A3B14B}.Release|ARM.Build.0 = Release|Any CPU
		{B19C892E-2628-4CA7-AD27-08D406A3B14B}.Release|iPhone.ActiveCfg = Release|Any CPU
		{B19C892E-2628-4CA7-AD27-08D406A3B14B}.Release|iPhone.Build.0 = Release|Any CPU
		{B19C892E-2628-4CA7-AD27-08D406A3B14B}.Release|iPhoneSimulator.ActiveCfg = Release|Any CPU
		{B19C892E-2628-4CA7-AD27-08D406A3B14B}.Release|iPhoneSimulator.Build.0 = Release|Any CPU
		{B19C892E-2628-4CA7-AD27-08D406A3B14B}.Release|x64.ActiveCfg = Release|Any CPU
		{B19C892E-2628-4CA7-AD27-08D406A3B14B}.Release|x64.Build.0 = Release|Any CPU
		{B19C892E-2628-4CA7-AD27-08D406A3B14B}.Release|x86.ActiveCfg = Release|Any CPU
		{B19C892E-2628-4CA7-AD27-08D406A3B14B}.Release|x86.Build.0 = Release|Any CPU
		{4966FC06-8A5C-452D-A858-3EABC6BB5460}.Ad-Hoc|Any CPU.ActiveCfg = Debug|Any CPU
		{4966FC06-8A5C-452D-A858-3EABC6BB5460}.Ad-Hoc|Any CPU.Build.0 = Debug|Any CPU
		{4966FC06-8A5C-452D-A858-3EABC6BB5460}.Ad-Hoc|ARM.ActiveCfg = Debug|Any CPU
		{4966FC06-8A5C-452D-A858-3EABC6BB5460}.Ad-Hoc|ARM.Build.0 = Debug|Any CPU
		{4966FC06-8A5C-452D-A858-3EABC6BB5460}.Ad-Hoc|iPhone.ActiveCfg = Debug|Any CPU
		{4966FC06-8A5C-452D-A858-3EABC6BB5460}.Ad-Hoc|iPhone.Build.0 = Debug|Any CPU
		{4966FC06-8A5C-452D-A858-3EABC6BB5460}.Ad-Hoc|iPhoneSimulator.ActiveCfg = Debug|Any CPU
		{4966FC06-8A5C-452D-A858-3EABC6BB5460}.Ad-Hoc|iPhoneSimulator.Build.0 = Debug|Any CPU
		{4966FC06-8A5C-452D-A858-3EABC6BB5460}.Ad-Hoc|x64.ActiveCfg = Debug|Any CPU
		{4966FC06-8A5C-452D-A858-3EABC6BB5460}.Ad-Hoc|x64.Build.0 = Debug|Any CPU
		{4966FC06-8A5C-452D-A858-3EABC6BB5460}.Ad-Hoc|x86.ActiveCfg = Debug|Any CPU
		{4966FC06-8A5C-452D-A858-3EABC6BB5460}.Ad-Hoc|x86.Build.0 = Debug|Any CPU
		{4966FC06-8A5C-452D-A858-3EABC6BB5460}.AppStore|Any CPU.ActiveCfg = Debug|Any CPU
		{4966FC06-8A5C-452D-A858-3EABC6BB5460}.AppStore|Any CPU.Build.0 = Debug|Any CPU
		{4966FC06-8A5C-452D-A858-3EABC6BB5460}.AppStore|ARM.ActiveCfg = Debug|Any CPU
		{4966FC06-8A5C-452D-A858-3EABC6BB5460}.AppStore|ARM.Build.0 = Debug|Any CPU
		{4966FC06-8A5C-452D-A858-3EABC6BB5460}.AppStore|iPhone.ActiveCfg = Debug|Any CPU
		{4966FC06-8A5C-452D-A858-3EABC6BB5460}.AppStore|iPhone.Build.0 = Debug|Any CPU
		{4966FC06-8A5C-452D-A858-3EABC6BB5460}.AppStore|iPhoneSimulator.ActiveCfg = Debug|Any CPU
		{4966FC06-8A5C-452D-A858-3EABC6BB5460}.AppStore|iPhoneSimulator.Build.0 = Debug|Any CPU
		{4966FC06-8A5C-452D-A858-3EABC6BB5460}.AppStore|x64.ActiveCfg = Debug|Any CPU
		{4966FC06-8A5C-452D-A858-3EABC6BB5460}.AppStore|x64.Build.0 = Debug|Any CPU
		{4966FC06-8A5C-452D-A858-3EABC6BB5460}.AppStore|x86.ActiveCfg = Debug|Any CPU
		{4966FC06-8A5C-452D-A858-3EABC6BB5460}.AppStore|x86.Build.0 = Debug|Any CPU
		{4966FC06-8A5C-452D-A858-3EABC6BB5460}.Debug|Any CPU.ActiveCfg = Debug|Any CPU
		{4966FC06-8A5C-452D-A858-3EABC6BB5460}.Debug|Any CPU.Build.0 = Debug|Any CPU
		{4966FC06-8A5C-452D-A858-3EABC6BB5460}.Debug|ARM.ActiveCfg = Debug|Any CPU
		{4966FC06-8A5C-452D-A858-3EABC6BB5460}.Debug|ARM.Build.0 = Debug|Any CPU
		{4966FC06-8A5C-452D-A858-3EABC6BB5460}.Debug|iPhone.ActiveCfg = Debug|Any CPU
		{4966FC06-8A5C-452D-A858-3EABC6BB5460}.Debug|iPhone.Build.0 = Debug|Any CPU
		{4966FC06-8A5C-452D-A858-3EABC6BB5460}.Debug|iPhoneSimulator.ActiveCfg = Debug|Any CPU
		{4966FC06-8A5C-452D-A858-3EABC6BB5460}.Debug|iPhoneSimulator.Build.0 = Debug|Any CPU
		{4966FC06-8A5C-452D-A858-3EABC6BB5460}.Debug|x64.ActiveCfg = Debug|Any CPU
		{4966FC06-8A5C-452D-A858-3EABC6BB5460}.Debug|x64.Build.0 = Debug|Any CPU
		{4966FC06-8A5C-452D-A858-3EABC6BB5460}.Debug|x86.ActiveCfg = Debug|Any CPU
		{4966FC06-8A5C-452D-A858-3EABC6BB5460}.Debug|x86.Build.0 = Debug|Any CPU
		{4966FC06-8A5C-452D-A858-3EABC6BB5460}.Release|Any CPU.ActiveCfg = Release|Any CPU
		{4966FC06-8A5C-452D-A858-3EABC6BB5460}.Release|Any CPU.Build.0 = Release|Any CPU
		{4966FC06-8A5C-452D-A858-3EABC6BB5460}.Release|ARM.ActiveCfg = Release|Any CPU
		{4966FC06-8A5C-452D-A858-3EABC6BB5460}.Release|ARM.Build.0 = Release|Any CPU
		{4966FC06-8A5C-452D-A858-3EABC6BB5460}.Release|iPhone.ActiveCfg = Release|Any CPU
		{4966FC06-8A5C-452D-A858-3EABC6BB5460}.Release|iPhone.Build.0 = Release|Any CPU
		{4966FC06-8A5C-452D-A858-3EABC6BB5460}.Release|iPhoneSimulator.ActiveCfg = Release|Any CPU
		{4966FC06-8A5C-452D-A858-3EABC6BB5460}.Release|iPhoneSimulator.Build.0 = Release|Any CPU
		{4966FC06-8A5C-452D-A858-3EABC6BB5460}.Release|x64.ActiveCfg = Release|Any CPU
		{4966FC06-8A5C-452D-A858-3EABC6BB5460}.Release|x64.Build.0 = Release|Any CPU
		{4966FC06-8A5C-452D-A858-3EABC6BB5460}.Release|x86.ActiveCfg = Release|Any CPU
		{4966FC06-8A5C-452D-A858-3EABC6BB5460}.Release|x86.Build.0 = Release|Any CPU
		{4098C142-3D6F-42C5-B801-6E449392C785}.Ad-Hoc|Any CPU.ActiveCfg = Debug|Any CPU
		{4098C142-3D6F-42C5-B801-6E449392C785}.Ad-Hoc|Any CPU.Build.0 = Debug|Any CPU
		{4098C142-3D6F-42C5-B801-6E449392C785}.Ad-Hoc|ARM.ActiveCfg = Debug|Any CPU
		{4098C142-3D6F-42C5-B801-6E449392C785}.Ad-Hoc|ARM.Build.0 = Debug|Any CPU
		{4098C142-3D6F-42C5-B801-6E449392C785}.Ad-Hoc|iPhone.ActiveCfg = Debug|Any CPU
		{4098C142-3D6F-42C5-B801-6E449392C785}.Ad-Hoc|iPhone.Build.0 = Debug|Any CPU
		{4098C142-3D6F-42C5-B801-6E449392C785}.Ad-Hoc|iPhoneSimulator.ActiveCfg = Debug|Any CPU
		{4098C142-3D6F-42C5-B801-6E449392C785}.Ad-Hoc|iPhoneSimulator.Build.0 = Debug|Any CPU
		{4098C142-3D6F-42C5-B801-6E449392C785}.Ad-Hoc|x64.ActiveCfg = Debug|Any CPU
		{4098C142-3D6F-42C5-B801-6E449392C785}.Ad-Hoc|x64.Build.0 = Debug|Any CPU
		{4098C142-3D6F-42C5-B801-6E449392C785}.Ad-Hoc|x86.ActiveCfg = Debug|Any CPU
		{4098C142-3D6F-42C5-B801-6E449392C785}.Ad-Hoc|x86.Build.0 = Debug|Any CPU
		{4098C142-3D6F-42C5-B801-6E449392C785}.AppStore|Any CPU.ActiveCfg = Debug|Any CPU
		{4098C142-3D6F-42C5-B801-6E449392C785}.AppStore|Any CPU.Build.0 = Debug|Any CPU
		{4098C142-3D6F-42C5-B801-6E449392C785}.AppStore|ARM.ActiveCfg = Debug|Any CPU
		{4098C142-3D6F-42C5-B801-6E449392C785}.AppStore|ARM.Build.0 = Debug|Any CPU
		{4098C142-3D6F-42C5-B801-6E449392C785}.AppStore|iPhone.ActiveCfg = Debug|Any CPU
		{4098C142-3D6F-42C5-B801-6E449392C785}.AppStore|iPhone.Build.0 = Debug|Any CPU
		{4098C142-3D6F-42C5-B801-6E449392C785}.AppStore|iPhoneSimulator.ActiveCfg = Debug|Any CPU
		{4098C142-3D6F-42C5-B801-6E449392C785}.AppStore|iPhoneSimulator.Build.0 = Debug|Any CPU
		{4098C142-3D6F-42C5-B801-6E449392C785}.AppStore|x64.ActiveCfg = Debug|Any CPU
		{4098C142-3D6F-42C5-B801-6E449392C785}.AppStore|x64.Build.0 = Debug|Any CPU
		{4098C142-3D6F-42C5-B801-6E449392C785}.AppStore|x86.ActiveCfg = Debug|Any CPU
		{4098C142-3D6F-42C5-B801-6E449392C785}.AppStore|x86.Build.0 = Debug|Any CPU
		{4098C142-3D6F-42C5-B801-6E449392C785}.Debug|Any CPU.ActiveCfg = Debug|Any CPU
		{4098C142-3D6F-42C5-B801-6E449392C785}.Debug|Any CPU.Build.0 = Debug|Any CPU
		{4098C142-3D6F-42C5-B801-6E449392C785}.Debug|ARM.ActiveCfg = Debug|Any CPU
		{4098C142-3D6F-42C5-B801-6E449392C785}.Debug|ARM.Build.0 = Debug|Any CPU
		{4098C142-3D6F-42C5-B801-6E449392C785}.Debug|iPhone.ActiveCfg = Debug|Any CPU
		{4098C142-3D6F-42C5-B801-6E449392C785}.Debug|iPhone.Build.0 = Debug|Any CPU
		{4098C142-3D6F-42C5-B801-6E449392C785}.Debug|iPhoneSimulator.ActiveCfg = Debug|Any CPU
		{4098C142-3D6F-42C5-B801-6E449392C785}.Debug|iPhoneSimulator.Build.0 = Debug|Any CPU
		{4098C142-3D6F-42C5-B801-6E449392C785}.Debug|x64.ActiveCfg = Debug|Any CPU
		{4098C142-3D6F-42C5-B801-6E449392C785}.Debug|x64.Build.0 = Debug|Any CPU
		{4098C142-3D6F-42C5-B801-6E449392C785}.Debug|x86.ActiveCfg = Debug|Any CPU
		{4098C142-3D6F-42C5-B801-6E449392C785}.Debug|x86.Build.0 = Debug|Any CPU
		{4098C142-3D6F-42C5-B801-6E449392C785}.Release|Any CPU.ActiveCfg = Release|Any CPU
		{4098C142-3D6F-42C5-B801-6E449392C785}.Release|Any CPU.Build.0 = Release|Any CPU
		{4098C142-3D6F-42C5-B801-6E449392C785}.Release|ARM.ActiveCfg = Release|Any CPU
		{4098C142-3D6F-42C5-B801-6E449392C785}.Release|ARM.Build.0 = Release|Any CPU
		{4098C142-3D6F-42C5-B801-6E449392C785}.Release|iPhone.ActiveCfg = Release|Any CPU
		{4098C142-3D6F-42C5-B801-6E449392C785}.Release|iPhone.Build.0 = Release|Any CPU
		{4098C142-3D6F-42C5-B801-6E449392C785}.Release|iPhoneSimulator.ActiveCfg = Release|Any CPU
		{4098C142-3D6F-42C5-B801-6E449392C785}.Release|iPhoneSimulator.Build.0 = Release|Any CPU
		{4098C142-3D6F-42C5-B801-6E449392C785}.Release|x64.ActiveCfg = Release|Any CPU
		{4098C142-3D6F-42C5-B801-6E449392C785}.Release|x64.Build.0 = Release|Any CPU
		{4098C142-3D6F-42C5-B801-6E449392C785}.Release|x86.ActiveCfg = Release|Any CPU
		{4098C142-3D6F-42C5-B801-6E449392C785}.Release|x86.Build.0 = Release|Any CPU
		{39D1400A-FC3E-4BFF-B902-B7F1BB45DA5A}.Ad-Hoc|Any CPU.ActiveCfg = Debug|Any CPU
		{39D1400A-FC3E-4BFF-B902-B7F1BB45DA5A}.Ad-Hoc|Any CPU.Build.0 = Debug|Any CPU
		{39D1400A-FC3E-4BFF-B902-B7F1BB45DA5A}.Ad-Hoc|ARM.ActiveCfg = Debug|Any CPU
		{39D1400A-FC3E-4BFF-B902-B7F1BB45DA5A}.Ad-Hoc|ARM.Build.0 = Debug|Any CPU
		{39D1400A-FC3E-4BFF-B902-B7F1BB45DA5A}.Ad-Hoc|iPhone.ActiveCfg = Debug|Any CPU
		{39D1400A-FC3E-4BFF-B902-B7F1BB45DA5A}.Ad-Hoc|iPhone.Build.0 = Debug|Any CPU
		{39D1400A-FC3E-4BFF-B902-B7F1BB45DA5A}.Ad-Hoc|iPhoneSimulator.ActiveCfg = Debug|Any CPU
		{39D1400A-FC3E-4BFF-B902-B7F1BB45DA5A}.Ad-Hoc|iPhoneSimulator.Build.0 = Debug|Any CPU
		{39D1400A-FC3E-4BFF-B902-B7F1BB45DA5A}.Ad-Hoc|x64.ActiveCfg = Debug|Any CPU
		{39D1400A-FC3E-4BFF-B902-B7F1BB45DA5A}.Ad-Hoc|x64.Build.0 = Debug|Any CPU
		{39D1400A-FC3E-4BFF-B902-B7F1BB45DA5A}.Ad-Hoc|x86.ActiveCfg = Debug|Any CPU
		{39D1400A-FC3E-4BFF-B902-B7F1BB45DA5A}.Ad-Hoc|x86.Build.0 = Debug|Any CPU
		{39D1400A-FC3E-4BFF-B902-B7F1BB45DA5A}.AppStore|Any CPU.ActiveCfg = Debug|Any CPU
		{39D1400A-FC3E-4BFF-B902-B7F1BB45DA5A}.AppStore|Any CPU.Build.0 = Debug|Any CPU
		{39D1400A-FC3E-4BFF-B902-B7F1BB45DA5A}.AppStore|ARM.ActiveCfg = Debug|Any CPU
		{39D1400A-FC3E-4BFF-B902-B7F1BB45DA5A}.AppStore|ARM.Build.0 = Debug|Any CPU
		{39D1400A-FC3E-4BFF-B902-B7F1BB45DA5A}.AppStore|iPhone.ActiveCfg = Debug|Any CPU
		{39D1400A-FC3E-4BFF-B902-B7F1BB45DA5A}.AppStore|iPhone.Build.0 = Debug|Any CPU
		{39D1400A-FC3E-4BFF-B902-B7F1BB45DA5A}.AppStore|iPhoneSimulator.ActiveCfg = Debug|Any CPU
		{39D1400A-FC3E-4BFF-B902-B7F1BB45DA5A}.AppStore|iPhoneSimulator.Build.0 = Debug|Any CPU
		{39D1400A-FC3E-4BFF-B902-B7F1BB45DA5A}.AppStore|x64.ActiveCfg = Debug|Any CPU
		{39D1400A-FC3E-4BFF-B902-B7F1BB45DA5A}.AppStore|x64.Build.0 = Debug|Any CPU
		{39D1400A-FC3E-4BFF-B902-B7F1BB45DA5A}.AppStore|x86.ActiveCfg = Debug|Any CPU
		{39D1400A-FC3E-4BFF-B902-B7F1BB45DA5A}.AppStore|x86.Build.0 = Debug|Any CPU
		{39D1400A-FC3E-4BFF-B902-B7F1BB45DA5A}.Debug|Any CPU.ActiveCfg = Debug|Any CPU
		{39D1400A-FC3E-4BFF-B902-B7F1BB45DA5A}.Debug|Any CPU.Build.0 = Debug|Any CPU
		{39D1400A-FC3E-4BFF-B902-B7F1BB45DA5A}.Debug|ARM.ActiveCfg = Debug|Any CPU
		{39D1400A-FC3E-4BFF-B902-B7F1BB45DA5A}.Debug|ARM.Build.0 = Debug|Any CPU
		{39D1400A-FC3E-4BFF-B902-B7F1BB45DA5A}.Debug|iPhone.ActiveCfg = Debug|Any CPU
		{39D1400A-FC3E-4BFF-B902-B7F1BB45DA5A}.Debug|iPhone.Build.0 = Debug|Any CPU
		{39D1400A-FC3E-4BFF-B902-B7F1BB45DA5A}.Debug|iPhoneSimulator.ActiveCfg = Debug|Any CPU
		{39D1400A-FC3E-4BFF-B902-B7F1BB45DA5A}.Debug|iPhoneSimulator.Build.0 = Debug|Any CPU
		{39D1400A-FC3E-4BFF-B902-B7F1BB45DA5A}.Debug|x64.ActiveCfg = Debug|Any CPU
		{39D1400A-FC3E-4BFF-B902-B7F1BB45DA5A}.Debug|x64.Build.0 = Debug|Any CPU
		{39D1400A-FC3E-4BFF-B902-B7F1BB45DA5A}.Debug|x86.ActiveCfg = Debug|Any CPU
		{39D1400A-FC3E-4BFF-B902-B7F1BB45DA5A}.Debug|x86.Build.0 = Debug|Any CPU
		{39D1400A-FC3E-4BFF-B902-B7F1BB45DA5A}.Release|Any CPU.ActiveCfg = Release|Any CPU
		{39D1400A-FC3E-4BFF-B902-B7F1BB45DA5A}.Release|Any CPU.Build.0 = Release|Any CPU
		{39D1400A-FC3E-4BFF-B902-B7F1BB45DA5A}.Release|ARM.ActiveCfg = Release|Any CPU
		{39D1400A-FC3E-4BFF-B902-B7F1BB45DA5A}.Release|ARM.Build.0 = Release|Any CPU
		{39D1400A-FC3E-4BFF-B902-B7F1BB45DA5A}.Release|iPhone.ActiveCfg = Release|Any CPU
		{39D1400A-FC3E-4BFF-B902-B7F1BB45DA5A}.Release|iPhone.Build.0 = Release|Any CPU
		{39D1400A-FC3E-4BFF-B902-B7F1BB45DA5A}.Release|iPhoneSimulator.ActiveCfg = Release|Any CPU
		{39D1400A-FC3E-4BFF-B902-B7F1BB45DA5A}.Release|iPhoneSimulator.Build.0 = Release|Any CPU
		{39D1400A-FC3E-4BFF-B902-B7F1BB45DA5A}.Release|x64.ActiveCfg = Release|Any CPU
		{39D1400A-FC3E-4BFF-B902-B7F1BB45DA5A}.Release|x64.Build.0 = Release|Any CPU
		{39D1400A-FC3E-4BFF-B902-B7F1BB45DA5A}.Release|x86.ActiveCfg = Release|Any CPU
		{39D1400A-FC3E-4BFF-B902-B7F1BB45DA5A}.Release|x86.Build.0 = Release|Any CPU
		{B1496C21-3FA3-4967-9D66-7E8C60926614}.Ad-Hoc|Any CPU.ActiveCfg = Release|Any CPU
		{B1496C21-3FA3-4967-9D66-7E8C60926614}.Ad-Hoc|Any CPU.Build.0 = Release|Any CPU
		{B1496C21-3FA3-4967-9D66-7E8C60926614}.Ad-Hoc|Any CPU.Deploy.0 = Release|Any CPU
		{B1496C21-3FA3-4967-9D66-7E8C60926614}.Ad-Hoc|ARM.ActiveCfg = Release|Any CPU
		{B1496C21-3FA3-4967-9D66-7E8C60926614}.Ad-Hoc|ARM.Build.0 = Release|Any CPU
		{B1496C21-3FA3-4967-9D66-7E8C60926614}.Ad-Hoc|ARM.Deploy.0 = Release|Any CPU
		{B1496C21-3FA3-4967-9D66-7E8C60926614}.Ad-Hoc|iPhone.ActiveCfg = Release|Any CPU
		{B1496C21-3FA3-4967-9D66-7E8C60926614}.Ad-Hoc|iPhone.Build.0 = Release|Any CPU
		{B1496C21-3FA3-4967-9D66-7E8C60926614}.Ad-Hoc|iPhone.Deploy.0 = Release|Any CPU
		{B1496C21-3FA3-4967-9D66-7E8C60926614}.Ad-Hoc|iPhoneSimulator.ActiveCfg = Release|Any CPU
		{B1496C21-3FA3-4967-9D66-7E8C60926614}.Ad-Hoc|iPhoneSimulator.Build.0 = Release|Any CPU
		{B1496C21-3FA3-4967-9D66-7E8C60926614}.Ad-Hoc|iPhoneSimulator.Deploy.0 = Release|Any CPU
		{B1496C21-3FA3-4967-9D66-7E8C60926614}.Ad-Hoc|x64.ActiveCfg = Release|Any CPU
		{B1496C21-3FA3-4967-9D66-7E8C60926614}.Ad-Hoc|x64.Build.0 = Release|Any CPU
		{B1496C21-3FA3-4967-9D66-7E8C60926614}.Ad-Hoc|x64.Deploy.0 = Release|Any CPU
		{B1496C21-3FA3-4967-9D66-7E8C60926614}.Ad-Hoc|x86.ActiveCfg = Release|Any CPU
		{B1496C21-3FA3-4967-9D66-7E8C60926614}.Ad-Hoc|x86.Build.0 = Release|Any CPU
		{B1496C21-3FA3-4967-9D66-7E8C60926614}.Ad-Hoc|x86.Deploy.0 = Release|Any CPU
		{B1496C21-3FA3-4967-9D66-7E8C60926614}.AppStore|Any CPU.ActiveCfg = Release|Any CPU
		{B1496C21-3FA3-4967-9D66-7E8C60926614}.AppStore|Any CPU.Build.0 = Release|Any CPU
		{B1496C21-3FA3-4967-9D66-7E8C60926614}.AppStore|Any CPU.Deploy.0 = Release|Any CPU
		{B1496C21-3FA3-4967-9D66-7E8C60926614}.AppStore|ARM.ActiveCfg = Release|Any CPU
		{B1496C21-3FA3-4967-9D66-7E8C60926614}.AppStore|ARM.Build.0 = Release|Any CPU
		{B1496C21-3FA3-4967-9D66-7E8C60926614}.AppStore|ARM.Deploy.0 = Release|Any CPU
		{B1496C21-3FA3-4967-9D66-7E8C60926614}.AppStore|iPhone.ActiveCfg = Release|Any CPU
		{B1496C21-3FA3-4967-9D66-7E8C60926614}.AppStore|iPhone.Build.0 = Release|Any CPU
		{B1496C21-3FA3-4967-9D66-7E8C60926614}.AppStore|iPhone.Deploy.0 = Release|Any CPU
		{B1496C21-3FA3-4967-9D66-7E8C60926614}.AppStore|iPhoneSimulator.ActiveCfg = Release|Any CPU
		{B1496C21-3FA3-4967-9D66-7E8C60926614}.AppStore|iPhoneSimulator.Build.0 = Release|Any CPU
		{B1496C21-3FA3-4967-9D66-7E8C60926614}.AppStore|iPhoneSimulator.Deploy.0 = Release|Any CPU
		{B1496C21-3FA3-4967-9D66-7E8C60926614}.AppStore|x64.ActiveCfg = Release|Any CPU
		{B1496C21-3FA3-4967-9D66-7E8C60926614}.AppStore|x64.Build.0 = Release|Any CPU
		{B1496C21-3FA3-4967-9D66-7E8C60926614}.AppStore|x64.Deploy.0 = Release|Any CPU
		{B1496C21-3FA3-4967-9D66-7E8C60926614}.AppStore|x86.ActiveCfg = Release|Any CPU
		{B1496C21-3FA3-4967-9D66-7E8C60926614}.AppStore|x86.Build.0 = Release|Any CPU
		{B1496C21-3FA3-4967-9D66-7E8C60926614}.AppStore|x86.Deploy.0 = Release|Any CPU
		{B1496C21-3FA3-4967-9D66-7E8C60926614}.Debug|Any CPU.ActiveCfg = Debug|Any CPU
		{B1496C21-3FA3-4967-9D66-7E8C60926614}.Debug|Any CPU.Build.0 = Debug|Any CPU
		{B1496C21-3FA3-4967-9D66-7E8C60926614}.Debug|Any CPU.Deploy.0 = Debug|Any CPU
		{B1496C21-3FA3-4967-9D66-7E8C60926614}.Debug|ARM.ActiveCfg = Debug|Any CPU
		{B1496C21-3FA3-4967-9D66-7E8C60926614}.Debug|ARM.Build.0 = Debug|Any CPU
		{B1496C21-3FA3-4967-9D66-7E8C60926614}.Debug|ARM.Deploy.0 = Debug|Any CPU
		{B1496C21-3FA3-4967-9D66-7E8C60926614}.Debug|iPhone.ActiveCfg = Debug|Any CPU
		{B1496C21-3FA3-4967-9D66-7E8C60926614}.Debug|iPhone.Build.0 = Debug|Any CPU
		{B1496C21-3FA3-4967-9D66-7E8C60926614}.Debug|iPhone.Deploy.0 = Debug|Any CPU
		{B1496C21-3FA3-4967-9D66-7E8C60926614}.Debug|iPhoneSimulator.ActiveCfg = Debug|Any CPU
		{B1496C21-3FA3-4967-9D66-7E8C60926614}.Debug|iPhoneSimulator.Build.0 = Debug|Any CPU
		{B1496C21-3FA3-4967-9D66-7E8C60926614}.Debug|iPhoneSimulator.Deploy.0 = Debug|Any CPU
		{B1496C21-3FA3-4967-9D66-7E8C60926614}.Debug|x64.ActiveCfg = Debug|Any CPU
		{B1496C21-3FA3-4967-9D66-7E8C60926614}.Debug|x64.Build.0 = Debug|Any CPU
		{B1496C21-3FA3-4967-9D66-7E8C60926614}.Debug|x64.Deploy.0 = Debug|Any CPU
		{B1496C21-3FA3-4967-9D66-7E8C60926614}.Debug|x86.ActiveCfg = Debug|Any CPU
		{B1496C21-3FA3-4967-9D66-7E8C60926614}.Debug|x86.Build.0 = Debug|Any CPU
		{B1496C21-3FA3-4967-9D66-7E8C60926614}.Debug|x86.Deploy.0 = Debug|Any CPU
		{B1496C21-3FA3-4967-9D66-7E8C60926614}.Release|Any CPU.ActiveCfg = Release|Any CPU
		{B1496C21-3FA3-4967-9D66-7E8C60926614}.Release|Any CPU.Build.0 = Release|Any CPU
		{B1496C21-3FA3-4967-9D66-7E8C60926614}.Release|Any CPU.Deploy.0 = Release|Any CPU
		{B1496C21-3FA3-4967-9D66-7E8C60926614}.Release|ARM.ActiveCfg = Release|Any CPU
		{B1496C21-3FA3-4967-9D66-7E8C60926614}.Release|ARM.Build.0 = Release|Any CPU
		{B1496C21-3FA3-4967-9D66-7E8C60926614}.Release|ARM.Deploy.0 = Release|Any CPU
		{B1496C21-3FA3-4967-9D66-7E8C60926614}.Release|iPhone.ActiveCfg = Release|Any CPU
		{B1496C21-3FA3-4967-9D66-7E8C60926614}.Release|iPhone.Build.0 = Release|Any CPU
		{B1496C21-3FA3-4967-9D66-7E8C60926614}.Release|iPhone.Deploy.0 = Release|Any CPU
		{B1496C21-3FA3-4967-9D66-7E8C60926614}.Release|iPhoneSimulator.ActiveCfg = Release|Any CPU
		{B1496C21-3FA3-4967-9D66-7E8C60926614}.Release|iPhoneSimulator.Build.0 = Release|Any CPU
		{B1496C21-3FA3-4967-9D66-7E8C60926614}.Release|iPhoneSimulator.Deploy.0 = Release|Any CPU
		{B1496C21-3FA3-4967-9D66-7E8C60926614}.Release|x64.ActiveCfg = Release|Any CPU
		{B1496C21-3FA3-4967-9D66-7E8C60926614}.Release|x64.Build.0 = Release|Any CPU
		{B1496C21-3FA3-4967-9D66-7E8C60926614}.Release|x64.Deploy.0 = Release|Any CPU
		{B1496C21-3FA3-4967-9D66-7E8C60926614}.Release|x86.ActiveCfg = Release|Any CPU
		{B1496C21-3FA3-4967-9D66-7E8C60926614}.Release|x86.Build.0 = Release|Any CPU
		{B1496C21-3FA3-4967-9D66-7E8C60926614}.Release|x86.Deploy.0 = Release|Any CPU
		{FB54B168-4088-468B-B08A-EA2C9EFBD97F}.Ad-Hoc|Any CPU.ActiveCfg = Ad-Hoc|iPhone
		{FB54B168-4088-468B-B08A-EA2C9EFBD97F}.Ad-Hoc|ARM.ActiveCfg = Ad-Hoc|iPhone
		{FB54B168-4088-468B-B08A-EA2C9EFBD97F}.Ad-Hoc|iPhone.ActiveCfg = Ad-Hoc|iPhone
		{FB54B168-4088-468B-B08A-EA2C9EFBD97F}.Ad-Hoc|iPhone.Build.0 = Ad-Hoc|iPhone
		{FB54B168-4088-468B-B08A-EA2C9EFBD97F}.Ad-Hoc|iPhoneSimulator.ActiveCfg = Ad-Hoc|iPhoneSimulator
		{FB54B168-4088-468B-B08A-EA2C9EFBD97F}.Ad-Hoc|iPhoneSimulator.Build.0 = Ad-Hoc|iPhoneSimulator
		{FB54B168-4088-468B-B08A-EA2C9EFBD97F}.Ad-Hoc|x64.ActiveCfg = Ad-Hoc|iPhone
		{FB54B168-4088-468B-B08A-EA2C9EFBD97F}.Ad-Hoc|x86.ActiveCfg = Ad-Hoc|iPhone
		{FB54B168-4088-468B-B08A-EA2C9EFBD97F}.AppStore|Any CPU.ActiveCfg = AppStore|iPhone
		{FB54B168-4088-468B-B08A-EA2C9EFBD97F}.AppStore|ARM.ActiveCfg = AppStore|iPhone
		{FB54B168-4088-468B-B08A-EA2C9EFBD97F}.AppStore|iPhone.ActiveCfg = AppStore|iPhone
		{FB54B168-4088-468B-B08A-EA2C9EFBD97F}.AppStore|iPhone.Build.0 = AppStore|iPhone
		{FB54B168-4088-468B-B08A-EA2C9EFBD97F}.AppStore|iPhoneSimulator.ActiveCfg = AppStore|iPhoneSimulator
		{FB54B168-4088-468B-B08A-EA2C9EFBD97F}.AppStore|iPhoneSimulator.Build.0 = AppStore|iPhoneSimulator
		{FB54B168-4088-468B-B08A-EA2C9EFBD97F}.AppStore|x64.ActiveCfg = AppStore|iPhone
		{FB54B168-4088-468B-B08A-EA2C9EFBD97F}.AppStore|x86.ActiveCfg = AppStore|iPhone
		{FB54B168-4088-468B-B08A-EA2C9EFBD97F}.Debug|Any CPU.ActiveCfg = Debug|iPhone
		{FB54B168-4088-468B-B08A-EA2C9EFBD97F}.Debug|ARM.ActiveCfg = Debug|iPhone
		{FB54B168-4088-468B-B08A-EA2C9EFBD97F}.Debug|iPhone.ActiveCfg = Debug|iPhone
		{FB54B168-4088-468B-B08A-EA2C9EFBD97F}.Debug|iPhone.Build.0 = Debug|iPhone
		{FB54B168-4088-468B-B08A-EA2C9EFBD97F}.Debug|iPhoneSimulator.ActiveCfg = Debug|iPhoneSimulator
		{FB54B168-4088-468B-B08A-EA2C9EFBD97F}.Debug|iPhoneSimulator.Build.0 = Debug|iPhoneSimulator
		{FB54B168-4088-468B-B08A-EA2C9EFBD97F}.Debug|x64.ActiveCfg = Debug|iPhone
		{FB54B168-4088-468B-B08A-EA2C9EFBD97F}.Debug|x86.ActiveCfg = Debug|iPhone
		{FB54B168-4088-468B-B08A-EA2C9EFBD97F}.Release|Any CPU.ActiveCfg = Release|iPhone
		{FB54B168-4088-468B-B08A-EA2C9EFBD97F}.Release|ARM.ActiveCfg = Release|iPhone
		{FB54B168-4088-468B-B08A-EA2C9EFBD97F}.Release|iPhone.ActiveCfg = Release|iPhone
		{FB54B168-4088-468B-B08A-EA2C9EFBD97F}.Release|iPhone.Build.0 = Release|iPhone
		{FB54B168-4088-468B-B08A-EA2C9EFBD97F}.Release|iPhoneSimulator.ActiveCfg = Release|iPhoneSimulator
		{FB54B168-4088-468B-B08A-EA2C9EFBD97F}.Release|iPhoneSimulator.Build.0 = Release|iPhoneSimulator
		{FB54B168-4088-468B-B08A-EA2C9EFBD97F}.Release|x64.ActiveCfg = Release|iPhone
		{FB54B168-4088-468B-B08A-EA2C9EFBD97F}.Release|x86.ActiveCfg = Release|iPhone
		{C5FED79C-2684-434B-95DD-15A69F461AD1}.Ad-Hoc|Any CPU.ActiveCfg = Release|x86
		{C5FED79C-2684-434B-95DD-15A69F461AD1}.Ad-Hoc|Any CPU.Build.0 = Release|x86
		{C5FED79C-2684-434B-95DD-15A69F461AD1}.Ad-Hoc|Any CPU.Deploy.0 = Release|x86
		{C5FED79C-2684-434B-95DD-15A69F461AD1}.Ad-Hoc|ARM.ActiveCfg = Release|ARM
		{C5FED79C-2684-434B-95DD-15A69F461AD1}.Ad-Hoc|ARM.Build.0 = Release|ARM
		{C5FED79C-2684-434B-95DD-15A69F461AD1}.Ad-Hoc|ARM.Deploy.0 = Release|ARM
		{C5FED79C-2684-434B-95DD-15A69F461AD1}.Ad-Hoc|iPhone.ActiveCfg = Release|x86
		{C5FED79C-2684-434B-95DD-15A69F461AD1}.Ad-Hoc|iPhone.Build.0 = Release|x86
		{C5FED79C-2684-434B-95DD-15A69F461AD1}.Ad-Hoc|iPhone.Deploy.0 = Release|x86
		{C5FED79C-2684-434B-95DD-15A69F461AD1}.Ad-Hoc|iPhoneSimulator.ActiveCfg = Release|x86
		{C5FED79C-2684-434B-95DD-15A69F461AD1}.Ad-Hoc|iPhoneSimulator.Build.0 = Release|x86
		{C5FED79C-2684-434B-95DD-15A69F461AD1}.Ad-Hoc|iPhoneSimulator.Deploy.0 = Release|x86
		{C5FED79C-2684-434B-95DD-15A69F461AD1}.Ad-Hoc|x64.ActiveCfg = Release|x64
		{C5FED79C-2684-434B-95DD-15A69F461AD1}.Ad-Hoc|x64.Build.0 = Release|x64
		{C5FED79C-2684-434B-95DD-15A69F461AD1}.Ad-Hoc|x64.Deploy.0 = Release|x64
		{C5FED79C-2684-434B-95DD-15A69F461AD1}.Ad-Hoc|x86.ActiveCfg = Release|x86
		{C5FED79C-2684-434B-95DD-15A69F461AD1}.Ad-Hoc|x86.Build.0 = Release|x86
		{C5FED79C-2684-434B-95DD-15A69F461AD1}.Ad-Hoc|x86.Deploy.0 = Release|x86
		{C5FED79C-2684-434B-95DD-15A69F461AD1}.AppStore|Any CPU.ActiveCfg = Release|x86
		{C5FED79C-2684-434B-95DD-15A69F461AD1}.AppStore|Any CPU.Build.0 = Release|x86
		{C5FED79C-2684-434B-95DD-15A69F461AD1}.AppStore|Any CPU.Deploy.0 = Release|x86
		{C5FED79C-2684-434B-95DD-15A69F461AD1}.AppStore|ARM.ActiveCfg = Release|ARM
		{C5FED79C-2684-434B-95DD-15A69F461AD1}.AppStore|ARM.Build.0 = Release|ARM
		{C5FED79C-2684-434B-95DD-15A69F461AD1}.AppStore|ARM.Deploy.0 = Release|ARM
		{C5FED79C-2684-434B-95DD-15A69F461AD1}.AppStore|iPhone.ActiveCfg = Release|x86
		{C5FED79C-2684-434B-95DD-15A69F461AD1}.AppStore|iPhone.Build.0 = Release|x86
		{C5FED79C-2684-434B-95DD-15A69F461AD1}.AppStore|iPhone.Deploy.0 = Release|x86
		{C5FED79C-2684-434B-95DD-15A69F461AD1}.AppStore|iPhoneSimulator.ActiveCfg = Release|x86
		{C5FED79C-2684-434B-95DD-15A69F461AD1}.AppStore|iPhoneSimulator.Build.0 = Release|x86
		{C5FED79C-2684-434B-95DD-15A69F461AD1}.AppStore|iPhoneSimulator.Deploy.0 = Release|x86
		{C5FED79C-2684-434B-95DD-15A69F461AD1}.AppStore|x64.ActiveCfg = Release|x64
		{C5FED79C-2684-434B-95DD-15A69F461AD1}.AppStore|x64.Build.0 = Release|x64
		{C5FED79C-2684-434B-95DD-15A69F461AD1}.AppStore|x64.Deploy.0 = Release|x64
		{C5FED79C-2684-434B-95DD-15A69F461AD1}.AppStore|x86.ActiveCfg = Release|x86
		{C5FED79C-2684-434B-95DD-15A69F461AD1}.AppStore|x86.Build.0 = Release|x86
		{C5FED79C-2684-434B-95DD-15A69F461AD1}.AppStore|x86.Deploy.0 = Release|x86
		{C5FED79C-2684-434B-95DD-15A69F461AD1}.Debug|Any CPU.ActiveCfg = Debug|x86
		{C5FED79C-2684-434B-95DD-15A69F461AD1}.Debug|ARM.ActiveCfg = Debug|ARM
		{C5FED79C-2684-434B-95DD-15A69F461AD1}.Debug|ARM.Build.0 = Debug|ARM
		{C5FED79C-2684-434B-95DD-15A69F461AD1}.Debug|ARM.Deploy.0 = Debug|ARM
		{C5FED79C-2684-434B-95DD-15A69F461AD1}.Debug|iPhone.ActiveCfg = Debug|x86
		{C5FED79C-2684-434B-95DD-15A69F461AD1}.Debug|iPhoneSimulator.ActiveCfg = Debug|x86
		{C5FED79C-2684-434B-95DD-15A69F461AD1}.Debug|x64.ActiveCfg = Debug|x64
		{C5FED79C-2684-434B-95DD-15A69F461AD1}.Debug|x64.Build.0 = Debug|x64
		{C5FED79C-2684-434B-95DD-15A69F461AD1}.Debug|x64.Deploy.0 = Debug|x64
		{C5FED79C-2684-434B-95DD-15A69F461AD1}.Debug|x86.ActiveCfg = Debug|x86
		{C5FED79C-2684-434B-95DD-15A69F461AD1}.Debug|x86.Build.0 = Debug|x86
		{C5FED79C-2684-434B-95DD-15A69F461AD1}.Debug|x86.Deploy.0 = Debug|x86
		{C5FED79C-2684-434B-95DD-15A69F461AD1}.Release|Any CPU.ActiveCfg = Release|x86
		{C5FED79C-2684-434B-95DD-15A69F461AD1}.Release|ARM.ActiveCfg = Release|ARM
		{C5FED79C-2684-434B-95DD-15A69F461AD1}.Release|ARM.Build.0 = Release|ARM
		{C5FED79C-2684-434B-95DD-15A69F461AD1}.Release|ARM.Deploy.0 = Release|ARM
		{C5FED79C-2684-434B-95DD-15A69F461AD1}.Release|iPhone.ActiveCfg = Release|x86
		{C5FED79C-2684-434B-95DD-15A69F461AD1}.Release|iPhoneSimulator.ActiveCfg = Release|x86
		{C5FED79C-2684-434B-95DD-15A69F461AD1}.Release|x64.ActiveCfg = Release|x64
		{C5FED79C-2684-434B-95DD-15A69F461AD1}.Release|x64.Build.0 = Release|x64
		{C5FED79C-2684-434B-95DD-15A69F461AD1}.Release|x64.Deploy.0 = Release|x64
		{C5FED79C-2684-434B-95DD-15A69F461AD1}.Release|x86.ActiveCfg = Release|x86
		{C5FED79C-2684-434B-95DD-15A69F461AD1}.Release|x86.Build.0 = Release|x86
		{C5FED79C-2684-434B-95DD-15A69F461AD1}.Release|x86.Deploy.0 = Release|x86
		{CE70BD26-1962-4AC8-B239-88063E7B1041}.Ad-Hoc|Any CPU.ActiveCfg = Debug|Any CPU
		{CE70BD26-1962-4AC8-B239-88063E7B1041}.Ad-Hoc|Any CPU.Build.0 = Debug|Any CPU
		{CE70BD26-1962-4AC8-B239-88063E7B1041}.Ad-Hoc|ARM.ActiveCfg = Debug|Any CPU
		{CE70BD26-1962-4AC8-B239-88063E7B1041}.Ad-Hoc|ARM.Build.0 = Debug|Any CPU
		{CE70BD26-1962-4AC8-B239-88063E7B1041}.Ad-Hoc|iPhone.ActiveCfg = Debug|Any CPU
		{CE70BD26-1962-4AC8-B239-88063E7B1041}.Ad-Hoc|iPhone.Build.0 = Debug|Any CPU
		{CE70BD26-1962-4AC8-B239-88063E7B1041}.Ad-Hoc|iPhoneSimulator.ActiveCfg = Debug|Any CPU
		{CE70BD26-1962-4AC8-B239-88063E7B1041}.Ad-Hoc|iPhoneSimulator.Build.0 = Debug|Any CPU
		{CE70BD26-1962-4AC8-B239-88063E7B1041}.Ad-Hoc|x64.ActiveCfg = Debug|Any CPU
		{CE70BD26-1962-4AC8-B239-88063E7B1041}.Ad-Hoc|x64.Build.0 = Debug|Any CPU
		{CE70BD26-1962-4AC8-B239-88063E7B1041}.Ad-Hoc|x86.ActiveCfg = Debug|Any CPU
		{CE70BD26-1962-4AC8-B239-88063E7B1041}.Ad-Hoc|x86.Build.0 = Debug|Any CPU
		{CE70BD26-1962-4AC8-B239-88063E7B1041}.AppStore|Any CPU.ActiveCfg = Debug|Any CPU
		{CE70BD26-1962-4AC8-B239-88063E7B1041}.AppStore|Any CPU.Build.0 = Debug|Any CPU
		{CE70BD26-1962-4AC8-B239-88063E7B1041}.AppStore|ARM.ActiveCfg = Debug|Any CPU
		{CE70BD26-1962-4AC8-B239-88063E7B1041}.AppStore|ARM.Build.0 = Debug|Any CPU
		{CE70BD26-1962-4AC8-B239-88063E7B1041}.AppStore|iPhone.ActiveCfg = Debug|Any CPU
		{CE70BD26-1962-4AC8-B239-88063E7B1041}.AppStore|iPhone.Build.0 = Debug|Any CPU
		{CE70BD26-1962-4AC8-B239-88063E7B1041}.AppStore|iPhoneSimulator.ActiveCfg = Debug|Any CPU
		{CE70BD26-1962-4AC8-B239-88063E7B1041}.AppStore|iPhoneSimulator.Build.0 = Debug|Any CPU
		{CE70BD26-1962-4AC8-B239-88063E7B1041}.AppStore|x64.ActiveCfg = Debug|Any CPU
		{CE70BD26-1962-4AC8-B239-88063E7B1041}.AppStore|x64.Build.0 = Debug|Any CPU
		{CE70BD26-1962-4AC8-B239-88063E7B1041}.AppStore|x86.ActiveCfg = Debug|Any CPU
		{CE70BD26-1962-4AC8-B239-88063E7B1041}.AppStore|x86.Build.0 = Debug|Any CPU
		{CE70BD26-1962-4AC8-B239-88063E7B1041}.Debug|Any CPU.ActiveCfg = Debug|Any CPU
		{CE70BD26-1962-4AC8-B239-88063E7B1041}.Debug|Any CPU.Build.0 = Debug|Any CPU
		{CE70BD26-1962-4AC8-B239-88063E7B1041}.Debug|ARM.ActiveCfg = Debug|Any CPU
		{CE70BD26-1962-4AC8-B239-88063E7B1041}.Debug|ARM.Build.0 = Debug|Any CPU
		{CE70BD26-1962-4AC8-B239-88063E7B1041}.Debug|iPhone.ActiveCfg = Debug|Any CPU
		{CE70BD26-1962-4AC8-B239-88063E7B1041}.Debug|iPhone.Build.0 = Debug|Any CPU
		{CE70BD26-1962-4AC8-B239-88063E7B1041}.Debug|iPhoneSimulator.ActiveCfg = Debug|Any CPU
		{CE70BD26-1962-4AC8-B239-88063E7B1041}.Debug|iPhoneSimulator.Build.0 = Debug|Any CPU
		{CE70BD26-1962-4AC8-B239-88063E7B1041}.Debug|x64.ActiveCfg = Debug|Any CPU
		{CE70BD26-1962-4AC8-B239-88063E7B1041}.Debug|x64.Build.0 = Debug|Any CPU
		{CE70BD26-1962-4AC8-B239-88063E7B1041}.Debug|x86.ActiveCfg = Debug|Any CPU
		{CE70BD26-1962-4AC8-B239-88063E7B1041}.Debug|x86.Build.0 = Debug|Any CPU
		{CE70BD26-1962-4AC8-B239-88063E7B1041}.Release|Any CPU.ActiveCfg = Release|Any CPU
		{CE70BD26-1962-4AC8-B239-88063E7B1041}.Release|Any CPU.Build.0 = Release|Any CPU
		{CE70BD26-1962-4AC8-B239-88063E7B1041}.Release|ARM.ActiveCfg = Release|Any CPU
		{CE70BD26-1962-4AC8-B239-88063E7B1041}.Release|ARM.Build.0 = Release|Any CPU
		{CE70BD26-1962-4AC8-B239-88063E7B1041}.Release|iPhone.ActiveCfg = Release|Any CPU
		{CE70BD26-1962-4AC8-B239-88063E7B1041}.Release|iPhone.Build.0 = Release|Any CPU
		{CE70BD26-1962-4AC8-B239-88063E7B1041}.Release|iPhoneSimulator.ActiveCfg = Release|Any CPU
		{CE70BD26-1962-4AC8-B239-88063E7B1041}.Release|iPhoneSimulator.Build.0 = Release|Any CPU
		{CE70BD26-1962-4AC8-B239-88063E7B1041}.Release|x64.ActiveCfg = Release|Any CPU
		{CE70BD26-1962-4AC8-B239-88063E7B1041}.Release|x64.Build.0 = Release|Any CPU
		{CE70BD26-1962-4AC8-B239-88063E7B1041}.Release|x86.ActiveCfg = Release|Any CPU
		{CE70BD26-1962-4AC8-B239-88063E7B1041}.Release|x86.Build.0 = Release|Any CPU
		{FD5C091D-FA0C-4CE6-B14B-9BC76393E6ED}.Ad-Hoc|Any CPU.ActiveCfg = Debug|Any CPU
		{FD5C091D-FA0C-4CE6-B14B-9BC76393E6ED}.Ad-Hoc|Any CPU.Build.0 = Debug|Any CPU
		{FD5C091D-FA0C-4CE6-B14B-9BC76393E6ED}.Ad-Hoc|ARM.ActiveCfg = Debug|Any CPU
		{FD5C091D-FA0C-4CE6-B14B-9BC76393E6ED}.Ad-Hoc|ARM.Build.0 = Debug|Any CPU
		{FD5C091D-FA0C-4CE6-B14B-9BC76393E6ED}.Ad-Hoc|iPhone.ActiveCfg = Debug|Any CPU
		{FD5C091D-FA0C-4CE6-B14B-9BC76393E6ED}.Ad-Hoc|iPhone.Build.0 = Debug|Any CPU
		{FD5C091D-FA0C-4CE6-B14B-9BC76393E6ED}.Ad-Hoc|iPhoneSimulator.ActiveCfg = Debug|Any CPU
		{FD5C091D-FA0C-4CE6-B14B-9BC76393E6ED}.Ad-Hoc|iPhoneSimulator.Build.0 = Debug|Any CPU
		{FD5C091D-FA0C-4CE6-B14B-9BC76393E6ED}.Ad-Hoc|x64.ActiveCfg = Debug|Any CPU
		{FD5C091D-FA0C-4CE6-B14B-9BC76393E6ED}.Ad-Hoc|x64.Build.0 = Debug|Any CPU
		{FD5C091D-FA0C-4CE6-B14B-9BC76393E6ED}.Ad-Hoc|x86.ActiveCfg = Debug|Any CPU
		{FD5C091D-FA0C-4CE6-B14B-9BC76393E6ED}.Ad-Hoc|x86.Build.0 = Debug|Any CPU
		{FD5C091D-FA0C-4CE6-B14B-9BC76393E6ED}.AppStore|Any CPU.ActiveCfg = Debug|Any CPU
		{FD5C091D-FA0C-4CE6-B14B-9BC76393E6ED}.AppStore|Any CPU.Build.0 = Debug|Any CPU
		{FD5C091D-FA0C-4CE6-B14B-9BC76393E6ED}.AppStore|ARM.ActiveCfg = Debug|Any CPU
		{FD5C091D-FA0C-4CE6-B14B-9BC76393E6ED}.AppStore|ARM.Build.0 = Debug|Any CPU
		{FD5C091D-FA0C-4CE6-B14B-9BC76393E6ED}.AppStore|iPhone.ActiveCfg = Debug|Any CPU
		{FD5C091D-FA0C-4CE6-B14B-9BC76393E6ED}.AppStore|iPhone.Build.0 = Debug|Any CPU
		{FD5C091D-FA0C-4CE6-B14B-9BC76393E6ED}.AppStore|iPhoneSimulator.ActiveCfg = Debug|Any CPU
		{FD5C091D-FA0C-4CE6-B14B-9BC76393E6ED}.AppStore|iPhoneSimulator.Build.0 = Debug|Any CPU
		{FD5C091D-FA0C-4CE6-B14B-9BC76393E6ED}.AppStore|x64.ActiveCfg = Debug|Any CPU
		{FD5C091D-FA0C-4CE6-B14B-9BC76393E6ED}.AppStore|x64.Build.0 = Debug|Any CPU
		{FD5C091D-FA0C-4CE6-B14B-9BC76393E6ED}.AppStore|x86.ActiveCfg = Debug|Any CPU
		{FD5C091D-FA0C-4CE6-B14B-9BC76393E6ED}.AppStore|x86.Build.0 = Debug|Any CPU
		{FD5C091D-FA0C-4CE6-B14B-9BC76393E6ED}.Debug|Any CPU.ActiveCfg = Debug|Any CPU
		{FD5C091D-FA0C-4CE6-B14B-9BC76393E6ED}.Debug|Any CPU.Build.0 = Debug|Any CPU
		{FD5C091D-FA0C-4CE6-B14B-9BC76393E6ED}.Debug|ARM.ActiveCfg = Debug|Any CPU
		{FD5C091D-FA0C-4CE6-B14B-9BC76393E6ED}.Debug|ARM.Build.0 = Debug|Any CPU
		{FD5C091D-FA0C-4CE6-B14B-9BC76393E6ED}.Debug|iPhone.ActiveCfg = Debug|Any CPU
		{FD5C091D-FA0C-4CE6-B14B-9BC76393E6ED}.Debug|iPhone.Build.0 = Debug|Any CPU
		{FD5C091D-FA0C-4CE6-B14B-9BC76393E6ED}.Debug|iPhoneSimulator.ActiveCfg = Debug|Any CPU
		{FD5C091D-FA0C-4CE6-B14B-9BC76393E6ED}.Debug|iPhoneSimulator.Build.0 = Debug|Any CPU
		{FD5C091D-FA0C-4CE6-B14B-9BC76393E6ED}.Debug|x64.ActiveCfg = Debug|Any CPU
		{FD5C091D-FA0C-4CE6-B14B-9BC76393E6ED}.Debug|x64.Build.0 = Debug|Any CPU
		{FD5C091D-FA0C-4CE6-B14B-9BC76393E6ED}.Debug|x86.ActiveCfg = Debug|Any CPU
		{FD5C091D-FA0C-4CE6-B14B-9BC76393E6ED}.Debug|x86.Build.0 = Debug|Any CPU
		{FD5C091D-FA0C-4CE6-B14B-9BC76393E6ED}.Release|Any CPU.ActiveCfg = Release|Any CPU
		{FD5C091D-FA0C-4CE6-B14B-9BC76393E6ED}.Release|Any CPU.Build.0 = Release|Any CPU
		{FD5C091D-FA0C-4CE6-B14B-9BC76393E6ED}.Release|ARM.ActiveCfg = Release|Any CPU
		{FD5C091D-FA0C-4CE6-B14B-9BC76393E6ED}.Release|ARM.Build.0 = Release|Any CPU
		{FD5C091D-FA0C-4CE6-B14B-9BC76393E6ED}.Release|iPhone.ActiveCfg = Release|Any CPU
		{FD5C091D-FA0C-4CE6-B14B-9BC76393E6ED}.Release|iPhone.Build.0 = Release|Any CPU
		{FD5C091D-FA0C-4CE6-B14B-9BC76393E6ED}.Release|iPhoneSimulator.ActiveCfg = Release|Any CPU
		{FD5C091D-FA0C-4CE6-B14B-9BC76393E6ED}.Release|iPhoneSimulator.Build.0 = Release|Any CPU
		{FD5C091D-FA0C-4CE6-B14B-9BC76393E6ED}.Release|x64.ActiveCfg = Release|Any CPU
		{FD5C091D-FA0C-4CE6-B14B-9BC76393E6ED}.Release|x64.Build.0 = Release|Any CPU
		{FD5C091D-FA0C-4CE6-B14B-9BC76393E6ED}.Release|x86.ActiveCfg = Release|Any CPU
		{FD5C091D-FA0C-4CE6-B14B-9BC76393E6ED}.Release|x86.Build.0 = Release|Any CPU
		{38E461E3-F2F0-4300-BDFA-A865A972CA78}.Ad-Hoc|Any CPU.ActiveCfg = Debug|Any CPU
		{38E461E3-F2F0-4300-BDFA-A865A972CA78}.Ad-Hoc|Any CPU.Build.0 = Debug|Any CPU
		{38E461E3-F2F0-4300-BDFA-A865A972CA78}.Ad-Hoc|ARM.ActiveCfg = Debug|Any CPU
		{38E461E3-F2F0-4300-BDFA-A865A972CA78}.Ad-Hoc|ARM.Build.0 = Debug|Any CPU
		{38E461E3-F2F0-4300-BDFA-A865A972CA78}.Ad-Hoc|iPhone.ActiveCfg = Debug|Any CPU
		{38E461E3-F2F0-4300-BDFA-A865A972CA78}.Ad-Hoc|iPhone.Build.0 = Debug|Any CPU
		{38E461E3-F2F0-4300-BDFA-A865A972CA78}.Ad-Hoc|iPhoneSimulator.ActiveCfg = Debug|Any CPU
		{38E461E3-F2F0-4300-BDFA-A865A972CA78}.Ad-Hoc|iPhoneSimulator.Build.0 = Debug|Any CPU
		{38E461E3-F2F0-4300-BDFA-A865A972CA78}.Ad-Hoc|x64.ActiveCfg = Debug|Any CPU
		{38E461E3-F2F0-4300-BDFA-A865A972CA78}.Ad-Hoc|x64.Build.0 = Debug|Any CPU
		{38E461E3-F2F0-4300-BDFA-A865A972CA78}.Ad-Hoc|x86.ActiveCfg = Debug|Any CPU
		{38E461E3-F2F0-4300-BDFA-A865A972CA78}.Ad-Hoc|x86.Build.0 = Debug|Any CPU
		{38E461E3-F2F0-4300-BDFA-A865A972CA78}.AppStore|Any CPU.ActiveCfg = Debug|Any CPU
		{38E461E3-F2F0-4300-BDFA-A865A972CA78}.AppStore|Any CPU.Build.0 = Debug|Any CPU
		{38E461E3-F2F0-4300-BDFA-A865A972CA78}.AppStore|ARM.ActiveCfg = Debug|Any CPU
		{38E461E3-F2F0-4300-BDFA-A865A972CA78}.AppStore|ARM.Build.0 = Debug|Any CPU
		{38E461E3-F2F0-4300-BDFA-A865A972CA78}.AppStore|iPhone.ActiveCfg = Debug|Any CPU
		{38E461E3-F2F0-4300-BDFA-A865A972CA78}.AppStore|iPhone.Build.0 = Debug|Any CPU
		{38E461E3-F2F0-4300-BDFA-A865A972CA78}.AppStore|iPhoneSimulator.ActiveCfg = Debug|Any CPU
		{38E461E3-F2F0-4300-BDFA-A865A972CA78}.AppStore|iPhoneSimulator.Build.0 = Debug|Any CPU
		{38E461E3-F2F0-4300-BDFA-A865A972CA78}.AppStore|x64.ActiveCfg = Debug|Any CPU
		{38E461E3-F2F0-4300-BDFA-A865A972CA78}.AppStore|x64.Build.0 = Debug|Any CPU
		{38E461E3-F2F0-4300-BDFA-A865A972CA78}.AppStore|x86.ActiveCfg = Debug|Any CPU
		{38E461E3-F2F0-4300-BDFA-A865A972CA78}.AppStore|x86.Build.0 = Debug|Any CPU
		{38E461E3-F2F0-4300-BDFA-A865A972CA78}.Debug|Any CPU.ActiveCfg = Debug|Any CPU
		{38E461E3-F2F0-4300-BDFA-A865A972CA78}.Debug|Any CPU.Build.0 = Debug|Any CPU
		{38E461E3-F2F0-4300-BDFA-A865A972CA78}.Debug|ARM.ActiveCfg = Debug|Any CPU
		{38E461E3-F2F0-4300-BDFA-A865A972CA78}.Debug|ARM.Build.0 = Debug|Any CPU
		{38E461E3-F2F0-4300-BDFA-A865A972CA78}.Debug|iPhone.ActiveCfg = Debug|Any CPU
		{38E461E3-F2F0-4300-BDFA-A865A972CA78}.Debug|iPhone.Build.0 = Debug|Any CPU
		{38E461E3-F2F0-4300-BDFA-A865A972CA78}.Debug|iPhoneSimulator.ActiveCfg = Debug|Any CPU
		{38E461E3-F2F0-4300-BDFA-A865A972CA78}.Debug|iPhoneSimulator.Build.0 = Debug|Any CPU
		{38E461E3-F2F0-4300-BDFA-A865A972CA78}.Debug|x64.ActiveCfg = Debug|Any CPU
		{38E461E3-F2F0-4300-BDFA-A865A972CA78}.Debug|x64.Build.0 = Debug|Any CPU
		{38E461E3-F2F0-4300-BDFA-A865A972CA78}.Debug|x86.ActiveCfg = Debug|Any CPU
		{38E461E3-F2F0-4300-BDFA-A865A972CA78}.Debug|x86.Build.0 = Debug|Any CPU
		{38E461E3-F2F0-4300-BDFA-A865A972CA78}.Release|Any CPU.ActiveCfg = Release|Any CPU
		{38E461E3-F2F0-4300-BDFA-A865A972CA78}.Release|Any CPU.Build.0 = Release|Any CPU
		{38E461E3-F2F0-4300-BDFA-A865A972CA78}.Release|ARM.ActiveCfg = Release|Any CPU
		{38E461E3-F2F0-4300-BDFA-A865A972CA78}.Release|ARM.Build.0 = Release|Any CPU
		{38E461E3-F2F0-4300-BDFA-A865A972CA78}.Release|iPhone.ActiveCfg = Release|Any CPU
		{38E461E3-F2F0-4300-BDFA-A865A972CA78}.Release|iPhone.Build.0 = Release|Any CPU
		{38E461E3-F2F0-4300-BDFA-A865A972CA78}.Release|iPhoneSimulator.ActiveCfg = Release|Any CPU
		{38E461E3-F2F0-4300-BDFA-A865A972CA78}.Release|iPhoneSimulator.Build.0 = Release|Any CPU
		{38E461E3-F2F0-4300-BDFA-A865A972CA78}.Release|x64.ActiveCfg = Release|Any CPU
		{38E461E3-F2F0-4300-BDFA-A865A972CA78}.Release|x64.Build.0 = Release|Any CPU
		{38E461E3-F2F0-4300-BDFA-A865A972CA78}.Release|x86.ActiveCfg = Release|Any CPU
		{38E461E3-F2F0-4300-BDFA-A865A972CA78}.Release|x86.Build.0 = Release|Any CPU
		{A96EFB6E-24C3-4BFC-9AD9-FC0DDA78527B}.Ad-Hoc|Any CPU.ActiveCfg = Release|Any CPU
		{A96EFB6E-24C3-4BFC-9AD9-FC0DDA78527B}.Ad-Hoc|Any CPU.Build.0 = Release|Any CPU
		{A96EFB6E-24C3-4BFC-9AD9-FC0DDA78527B}.Ad-Hoc|ARM.ActiveCfg = Release|Any CPU
		{A96EFB6E-24C3-4BFC-9AD9-FC0DDA78527B}.Ad-Hoc|ARM.Build.0 = Release|Any CPU
		{A96EFB6E-24C3-4BFC-9AD9-FC0DDA78527B}.Ad-Hoc|iPhone.ActiveCfg = Release|Any CPU
		{A96EFB6E-24C3-4BFC-9AD9-FC0DDA78527B}.Ad-Hoc|iPhone.Build.0 = Release|Any CPU
		{A96EFB6E-24C3-4BFC-9AD9-FC0DDA78527B}.Ad-Hoc|iPhoneSimulator.ActiveCfg = Release|Any CPU
		{A96EFB6E-24C3-4BFC-9AD9-FC0DDA78527B}.Ad-Hoc|iPhoneSimulator.Build.0 = Release|Any CPU
		{A96EFB6E-24C3-4BFC-9AD9-FC0DDA78527B}.Ad-Hoc|x64.ActiveCfg = Release|Any CPU
		{A96EFB6E-24C3-4BFC-9AD9-FC0DDA78527B}.Ad-Hoc|x64.Build.0 = Release|Any CPU
		{A96EFB6E-24C3-4BFC-9AD9-FC0DDA78527B}.Ad-Hoc|x86.ActiveCfg = Release|Any CPU
		{A96EFB6E-24C3-4BFC-9AD9-FC0DDA78527B}.Ad-Hoc|x86.Build.0 = Release|Any CPU
		{A96EFB6E-24C3-4BFC-9AD9-FC0DDA78527B}.AppStore|Any CPU.ActiveCfg = Release|Any CPU
		{A96EFB6E-24C3-4BFC-9AD9-FC0DDA78527B}.AppStore|Any CPU.Build.0 = Release|Any CPU
		{A96EFB6E-24C3-4BFC-9AD9-FC0DDA78527B}.AppStore|ARM.ActiveCfg = Release|Any CPU
		{A96EFB6E-24C3-4BFC-9AD9-FC0DDA78527B}.AppStore|ARM.Build.0 = Release|Any CPU
		{A96EFB6E-24C3-4BFC-9AD9-FC0DDA78527B}.AppStore|iPhone.ActiveCfg = Release|Any CPU
		{A96EFB6E-24C3-4BFC-9AD9-FC0DDA78527B}.AppStore|iPhone.Build.0 = Release|Any CPU
		{A96EFB6E-24C3-4BFC-9AD9-FC0DDA78527B}.AppStore|iPhoneSimulator.ActiveCfg = Release|Any CPU
		{A96EFB6E-24C3-4BFC-9AD9-FC0DDA78527B}.AppStore|iPhoneSimulator.Build.0 = Release|Any CPU
		{A96EFB6E-24C3-4BFC-9AD9-FC0DDA78527B}.AppStore|x64.ActiveCfg = Release|Any CPU
		{A96EFB6E-24C3-4BFC-9AD9-FC0DDA78527B}.AppStore|x64.Build.0 = Release|Any CPU
		{A96EFB6E-24C3-4BFC-9AD9-FC0DDA78527B}.AppStore|x86.ActiveCfg = Release|Any CPU
		{A96EFB6E-24C3-4BFC-9AD9-FC0DDA78527B}.AppStore|x86.Build.0 = Release|Any CPU
		{A96EFB6E-24C3-4BFC-9AD9-FC0DDA78527B}.Debug|Any CPU.ActiveCfg = Debug|Any CPU
		{A96EFB6E-24C3-4BFC-9AD9-FC0DDA78527B}.Debug|Any CPU.Build.0 = Debug|Any CPU
		{A96EFB6E-24C3-4BFC-9AD9-FC0DDA78527B}.Debug|ARM.ActiveCfg = Debug|Any CPU
		{A96EFB6E-24C3-4BFC-9AD9-FC0DDA78527B}.Debug|ARM.Build.0 = Debug|Any CPU
		{A96EFB6E-24C3-4BFC-9AD9-FC0DDA78527B}.Debug|iPhone.ActiveCfg = Debug|Any CPU
		{A96EFB6E-24C3-4BFC-9AD9-FC0DDA78527B}.Debug|iPhone.Build.0 = Debug|Any CPU
		{A96EFB6E-24C3-4BFC-9AD9-FC0DDA78527B}.Debug|iPhoneSimulator.ActiveCfg = Debug|Any CPU
		{A96EFB6E-24C3-4BFC-9AD9-FC0DDA78527B}.Debug|iPhoneSimulator.Build.0 = Debug|Any CPU
		{A96EFB6E-24C3-4BFC-9AD9-FC0DDA78527B}.Debug|x64.ActiveCfg = Debug|Any CPU
		{A96EFB6E-24C3-4BFC-9AD9-FC0DDA78527B}.Debug|x64.Build.0 = Debug|Any CPU
		{A96EFB6E-24C3-4BFC-9AD9-FC0DDA78527B}.Debug|x86.ActiveCfg = Debug|Any CPU
		{A96EFB6E-24C3-4BFC-9AD9-FC0DDA78527B}.Debug|x86.Build.0 = Debug|Any CPU
		{A96EFB6E-24C3-4BFC-9AD9-FC0DDA78527B}.Release|Any CPU.ActiveCfg = Release|Any CPU
		{A96EFB6E-24C3-4BFC-9AD9-FC0DDA78527B}.Release|Any CPU.Build.0 = Release|Any CPU
		{A96EFB6E-24C3-4BFC-9AD9-FC0DDA78527B}.Release|ARM.ActiveCfg = Release|Any CPU
		{A96EFB6E-24C3-4BFC-9AD9-FC0DDA78527B}.Release|ARM.Build.0 = Release|Any CPU
		{A96EFB6E-24C3-4BFC-9AD9-FC0DDA78527B}.Release|iPhone.ActiveCfg = Release|Any CPU
		{A96EFB6E-24C3-4BFC-9AD9-FC0DDA78527B}.Release|iPhone.Build.0 = Release|Any CPU
		{A96EFB6E-24C3-4BFC-9AD9-FC0DDA78527B}.Release|iPhoneSimulator.ActiveCfg = Release|Any CPU
		{A96EFB6E-24C3-4BFC-9AD9-FC0DDA78527B}.Release|iPhoneSimulator.Build.0 = Release|Any CPU
		{A96EFB6E-24C3-4BFC-9AD9-FC0DDA78527B}.Release|x64.ActiveCfg = Release|Any CPU
		{A96EFB6E-24C3-4BFC-9AD9-FC0DDA78527B}.Release|x64.Build.0 = Release|Any CPU
		{A96EFB6E-24C3-4BFC-9AD9-FC0DDA78527B}.Release|x86.ActiveCfg = Release|Any CPU
		{A96EFB6E-24C3-4BFC-9AD9-FC0DDA78527B}.Release|x86.Build.0 = Release|Any CPU
		{DCB8733F-6C7D-47BE-9C57-836D4B90D3C5}.Ad-Hoc|Any CPU.ActiveCfg = Debug|Any CPU
		{DCB8733F-6C7D-47BE-9C57-836D4B90D3C5}.Ad-Hoc|Any CPU.Build.0 = Debug|Any CPU
		{DCB8733F-6C7D-47BE-9C57-836D4B90D3C5}.Ad-Hoc|ARM.ActiveCfg = Debug|Any CPU
		{DCB8733F-6C7D-47BE-9C57-836D4B90D3C5}.Ad-Hoc|ARM.Build.0 = Debug|Any CPU
		{DCB8733F-6C7D-47BE-9C57-836D4B90D3C5}.Ad-Hoc|iPhone.ActiveCfg = Debug|Any CPU
		{DCB8733F-6C7D-47BE-9C57-836D4B90D3C5}.Ad-Hoc|iPhone.Build.0 = Debug|Any CPU
		{DCB8733F-6C7D-47BE-9C57-836D4B90D3C5}.Ad-Hoc|iPhoneSimulator.ActiveCfg = Debug|Any CPU
		{DCB8733F-6C7D-47BE-9C57-836D4B90D3C5}.Ad-Hoc|iPhoneSimulator.Build.0 = Debug|Any CPU
		{DCB8733F-6C7D-47BE-9C57-836D4B90D3C5}.Ad-Hoc|x64.ActiveCfg = Debug|Any CPU
		{DCB8733F-6C7D-47BE-9C57-836D4B90D3C5}.Ad-Hoc|x64.Build.0 = Debug|Any CPU
		{DCB8733F-6C7D-47BE-9C57-836D4B90D3C5}.Ad-Hoc|x86.ActiveCfg = Debug|Any CPU
		{DCB8733F-6C7D-47BE-9C57-836D4B90D3C5}.Ad-Hoc|x86.Build.0 = Debug|Any CPU
		{DCB8733F-6C7D-47BE-9C57-836D4B90D3C5}.AppStore|Any CPU.ActiveCfg = Debug|Any CPU
		{DCB8733F-6C7D-47BE-9C57-836D4B90D3C5}.AppStore|Any CPU.Build.0 = Debug|Any CPU
		{DCB8733F-6C7D-47BE-9C57-836D4B90D3C5}.AppStore|ARM.ActiveCfg = Debug|Any CPU
		{DCB8733F-6C7D-47BE-9C57-836D4B90D3C5}.AppStore|ARM.Build.0 = Debug|Any CPU
		{DCB8733F-6C7D-47BE-9C57-836D4B90D3C5}.AppStore|iPhone.ActiveCfg = Debug|Any CPU
		{DCB8733F-6C7D-47BE-9C57-836D4B90D3C5}.AppStore|iPhone.Build.0 = Debug|Any CPU
		{DCB8733F-6C7D-47BE-9C57-836D4B90D3C5}.AppStore|iPhoneSimulator.ActiveCfg = Debug|Any CPU
		{DCB8733F-6C7D-47BE-9C57-836D4B90D3C5}.AppStore|iPhoneSimulator.Build.0 = Debug|Any CPU
		{DCB8733F-6C7D-47BE-9C57-836D4B90D3C5}.AppStore|x64.ActiveCfg = Debug|Any CPU
		{DCB8733F-6C7D-47BE-9C57-836D4B90D3C5}.AppStore|x64.Build.0 = Debug|Any CPU
		{DCB8733F-6C7D-47BE-9C57-836D4B90D3C5}.AppStore|x86.ActiveCfg = Debug|Any CPU
		{DCB8733F-6C7D-47BE-9C57-836D4B90D3C5}.AppStore|x86.Build.0 = Debug|Any CPU
		{DCB8733F-6C7D-47BE-9C57-836D4B90D3C5}.Debug|Any CPU.ActiveCfg = Debug|Any CPU
		{DCB8733F-6C7D-47BE-9C57-836D4B90D3C5}.Debug|Any CPU.Build.0 = Debug|Any CPU
		{DCB8733F-6C7D-47BE-9C57-836D4B90D3C5}.Debug|ARM.ActiveCfg = Debug|Any CPU
		{DCB8733F-6C7D-47BE-9C57-836D4B90D3C5}.Debug|ARM.Build.0 = Debug|Any CPU
		{DCB8733F-6C7D-47BE-9C57-836D4B90D3C5}.Debug|iPhone.ActiveCfg = Debug|Any CPU
		{DCB8733F-6C7D-47BE-9C57-836D4B90D3C5}.Debug|iPhone.Build.0 = Debug|Any CPU
		{DCB8733F-6C7D-47BE-9C57-836D4B90D3C5}.Debug|iPhoneSimulator.ActiveCfg = Debug|Any CPU
		{DCB8733F-6C7D-47BE-9C57-836D4B90D3C5}.Debug|iPhoneSimulator.Build.0 = Debug|Any CPU
		{DCB8733F-6C7D-47BE-9C57-836D4B90D3C5}.Debug|x64.ActiveCfg = Debug|Any CPU
		{DCB8733F-6C7D-47BE-9C57-836D4B90D3C5}.Debug|x64.Build.0 = Debug|Any CPU
		{DCB8733F-6C7D-47BE-9C57-836D4B90D3C5}.Debug|x86.ActiveCfg = Debug|Any CPU
		{DCB8733F-6C7D-47BE-9C57-836D4B90D3C5}.Debug|x86.Build.0 = Debug|Any CPU
		{DCB8733F-6C7D-47BE-9C57-836D4B90D3C5}.Release|Any CPU.ActiveCfg = Release|Any CPU
		{DCB8733F-6C7D-47BE-9C57-836D4B90D3C5}.Release|Any CPU.Build.0 = Release|Any CPU
		{DCB8733F-6C7D-47BE-9C57-836D4B90D3C5}.Release|ARM.ActiveCfg = Release|Any CPU
		{DCB8733F-6C7D-47BE-9C57-836D4B90D3C5}.Release|ARM.Build.0 = Release|Any CPU
		{DCB8733F-6C7D-47BE-9C57-836D4B90D3C5}.Release|iPhone.ActiveCfg = Release|Any CPU
		{DCB8733F-6C7D-47BE-9C57-836D4B90D3C5}.Release|iPhone.Build.0 = Release|Any CPU
		{DCB8733F-6C7D-47BE-9C57-836D4B90D3C5}.Release|iPhoneSimulator.ActiveCfg = Release|Any CPU
		{DCB8733F-6C7D-47BE-9C57-836D4B90D3C5}.Release|iPhoneSimulator.Build.0 = Release|Any CPU
		{DCB8733F-6C7D-47BE-9C57-836D4B90D3C5}.Release|x64.ActiveCfg = Release|Any CPU
		{DCB8733F-6C7D-47BE-9C57-836D4B90D3C5}.Release|x64.Build.0 = Release|Any CPU
		{DCB8733F-6C7D-47BE-9C57-836D4B90D3C5}.Release|x86.ActiveCfg = Release|Any CPU
		{DCB8733F-6C7D-47BE-9C57-836D4B90D3C5}.Release|x86.Build.0 = Release|Any CPU
		{58C592C6-28CA-4889-BB53-46E9EE2E2854}.Ad-Hoc|Any CPU.ActiveCfg = Debug|Any CPU
		{58C592C6-28CA-4889-BB53-46E9EE2E2854}.Ad-Hoc|Any CPU.Build.0 = Debug|Any CPU
		{58C592C6-28CA-4889-BB53-46E9EE2E2854}.Ad-Hoc|ARM.ActiveCfg = Debug|Any CPU
		{58C592C6-28CA-4889-BB53-46E9EE2E2854}.Ad-Hoc|ARM.Build.0 = Debug|Any CPU
		{58C592C6-28CA-4889-BB53-46E9EE2E2854}.Ad-Hoc|iPhone.ActiveCfg = Debug|Any CPU
		{58C592C6-28CA-4889-BB53-46E9EE2E2854}.Ad-Hoc|iPhone.Build.0 = Debug|Any CPU
		{58C592C6-28CA-4889-BB53-46E9EE2E2854}.Ad-Hoc|iPhoneSimulator.ActiveCfg = Debug|Any CPU
		{58C592C6-28CA-4889-BB53-46E9EE2E2854}.Ad-Hoc|iPhoneSimulator.Build.0 = Debug|Any CPU
		{58C592C6-28CA-4889-BB53-46E9EE2E2854}.Ad-Hoc|x64.ActiveCfg = Debug|Any CPU
		{58C592C6-28CA-4889-BB53-46E9EE2E2854}.Ad-Hoc|x64.Build.0 = Debug|Any CPU
		{58C592C6-28CA-4889-BB53-46E9EE2E2854}.Ad-Hoc|x86.ActiveCfg = Debug|Any CPU
		{58C592C6-28CA-4889-BB53-46E9EE2E2854}.Ad-Hoc|x86.Build.0 = Debug|Any CPU
		{58C592C6-28CA-4889-BB53-46E9EE2E2854}.AppStore|Any CPU.ActiveCfg = Debug|Any CPU
		{58C592C6-28CA-4889-BB53-46E9EE2E2854}.AppStore|Any CPU.Build.0 = Debug|Any CPU
		{58C592C6-28CA-4889-BB53-46E9EE2E2854}.AppStore|ARM.ActiveCfg = Debug|Any CPU
		{58C592C6-28CA-4889-BB53-46E9EE2E2854}.AppStore|ARM.Build.0 = Debug|Any CPU
		{58C592C6-28CA-4889-BB53-46E9EE2E2854}.AppStore|iPhone.ActiveCfg = Debug|Any CPU
		{58C592C6-28CA-4889-BB53-46E9EE2E2854}.AppStore|iPhone.Build.0 = Debug|Any CPU
		{58C592C6-28CA-4889-BB53-46E9EE2E2854}.AppStore|iPhoneSimulator.ActiveCfg = Debug|Any CPU
		{58C592C6-28CA-4889-BB53-46E9EE2E2854}.AppStore|iPhoneSimulator.Build.0 = Debug|Any CPU
		{58C592C6-28CA-4889-BB53-46E9EE2E2854}.AppStore|x64.ActiveCfg = Debug|Any CPU
		{58C592C6-28CA-4889-BB53-46E9EE2E2854}.AppStore|x64.Build.0 = Debug|Any CPU
		{58C592C6-28CA-4889-BB53-46E9EE2E2854}.AppStore|x86.ActiveCfg = Debug|Any CPU
		{58C592C6-28CA-4889-BB53-46E9EE2E2854}.AppStore|x86.Build.0 = Debug|Any CPU
		{58C592C6-28CA-4889-BB53-46E9EE2E2854}.Debug|Any CPU.ActiveCfg = Debug|Any CPU
		{58C592C6-28CA-4889-BB53-46E9EE2E2854}.Debug|Any CPU.Build.0 = Debug|Any CPU
		{58C592C6-28CA-4889-BB53-46E9EE2E2854}.Debug|ARM.ActiveCfg = Debug|Any CPU
		{58C592C6-28CA-4889-BB53-46E9EE2E2854}.Debug|ARM.Build.0 = Debug|Any CPU
		{58C592C6-28CA-4889-BB53-46E9EE2E2854}.Debug|iPhone.ActiveCfg = Debug|Any CPU
		{58C592C6-28CA-4889-BB53-46E9EE2E2854}.Debug|iPhone.Build.0 = Debug|Any CPU
		{58C592C6-28CA-4889-BB53-46E9EE2E2854}.Debug|iPhoneSimulator.ActiveCfg = Debug|Any CPU
		{58C592C6-28CA-4889-BB53-46E9EE2E2854}.Debug|iPhoneSimulator.Build.0 = Debug|Any CPU
		{58C592C6-28CA-4889-BB53-46E9EE2E2854}.Debug|x64.ActiveCfg = Debug|Any CPU
		{58C592C6-28CA-4889-BB53-46E9EE2E2854}.Debug|x64.Build.0 = Debug|Any CPU
		{58C592C6-28CA-4889-BB53-46E9EE2E2854}.Debug|x86.ActiveCfg = Debug|Any CPU
		{58C592C6-28CA-4889-BB53-46E9EE2E2854}.Debug|x86.Build.0 = Debug|Any CPU
		{58C592C6-28CA-4889-BB53-46E9EE2E2854}.Release|Any CPU.ActiveCfg = Release|Any CPU
		{58C592C6-28CA-4889-BB53-46E9EE2E2854}.Release|Any CPU.Build.0 = Release|Any CPU
		{58C592C6-28CA-4889-BB53-46E9EE2E2854}.Release|ARM.ActiveCfg = Release|Any CPU
		{58C592C6-28CA-4889-BB53-46E9EE2E2854}.Release|ARM.Build.0 = Release|Any CPU
		{58C592C6-28CA-4889-BB53-46E9EE2E2854}.Release|iPhone.ActiveCfg = Release|Any CPU
		{58C592C6-28CA-4889-BB53-46E9EE2E2854}.Release|iPhone.Build.0 = Release|Any CPU
		{58C592C6-28CA-4889-BB53-46E9EE2E2854}.Release|iPhoneSimulator.ActiveCfg = Release|Any CPU
		{58C592C6-28CA-4889-BB53-46E9EE2E2854}.Release|iPhoneSimulator.Build.0 = Release|Any CPU
		{58C592C6-28CA-4889-BB53-46E9EE2E2854}.Release|x64.ActiveCfg = Release|Any CPU
		{58C592C6-28CA-4889-BB53-46E9EE2E2854}.Release|x64.Build.0 = Release|Any CPU
		{58C592C6-28CA-4889-BB53-46E9EE2E2854}.Release|x86.ActiveCfg = Release|Any CPU
		{58C592C6-28CA-4889-BB53-46E9EE2E2854}.Release|x86.Build.0 = Release|Any CPU
		{F64EBDC4-C3FA-43FC-B3AB-BFC4E87B6ECD}.Ad-Hoc|Any CPU.ActiveCfg = Release|Any CPU
		{F64EBDC4-C3FA-43FC-B3AB-BFC4E87B6ECD}.Ad-Hoc|Any CPU.Build.0 = Release|Any CPU
		{F64EBDC4-C3FA-43FC-B3AB-BFC4E87B6ECD}.Ad-Hoc|ARM.ActiveCfg = Release|Any CPU
		{F64EBDC4-C3FA-43FC-B3AB-BFC4E87B6ECD}.Ad-Hoc|ARM.Build.0 = Release|Any CPU
		{F64EBDC4-C3FA-43FC-B3AB-BFC4E87B6ECD}.Ad-Hoc|iPhone.ActiveCfg = Release|Any CPU
		{F64EBDC4-C3FA-43FC-B3AB-BFC4E87B6ECD}.Ad-Hoc|iPhone.Build.0 = Release|Any CPU
		{F64EBDC4-C3FA-43FC-B3AB-BFC4E87B6ECD}.Ad-Hoc|iPhoneSimulator.ActiveCfg = Release|Any CPU
		{F64EBDC4-C3FA-43FC-B3AB-BFC4E87B6ECD}.Ad-Hoc|iPhoneSimulator.Build.0 = Release|Any CPU
		{F64EBDC4-C3FA-43FC-B3AB-BFC4E87B6ECD}.Ad-Hoc|x64.ActiveCfg = Release|Any CPU
		{F64EBDC4-C3FA-43FC-B3AB-BFC4E87B6ECD}.Ad-Hoc|x64.Build.0 = Release|Any CPU
		{F64EBDC4-C3FA-43FC-B3AB-BFC4E87B6ECD}.Ad-Hoc|x86.ActiveCfg = Release|Any CPU
		{F64EBDC4-C3FA-43FC-B3AB-BFC4E87B6ECD}.Ad-Hoc|x86.Build.0 = Release|Any CPU
		{F64EBDC4-C3FA-43FC-B3AB-BFC4E87B6ECD}.AppStore|Any CPU.ActiveCfg = Release|Any CPU
		{F64EBDC4-C3FA-43FC-B3AB-BFC4E87B6ECD}.AppStore|Any CPU.Build.0 = Release|Any CPU
		{F64EBDC4-C3FA-43FC-B3AB-BFC4E87B6ECD}.AppStore|ARM.ActiveCfg = Release|Any CPU
		{F64EBDC4-C3FA-43FC-B3AB-BFC4E87B6ECD}.AppStore|ARM.Build.0 = Release|Any CPU
		{F64EBDC4-C3FA-43FC-B3AB-BFC4E87B6ECD}.AppStore|iPhone.ActiveCfg = Release|Any CPU
		{F64EBDC4-C3FA-43FC-B3AB-BFC4E87B6ECD}.AppStore|iPhone.Build.0 = Release|Any CPU
		{F64EBDC4-C3FA-43FC-B3AB-BFC4E87B6ECD}.AppStore|iPhoneSimulator.ActiveCfg = Release|Any CPU
		{F64EBDC4-C3FA-43FC-B3AB-BFC4E87B6ECD}.AppStore|iPhoneSimulator.Build.0 = Release|Any CPU
		{F64EBDC4-C3FA-43FC-B3AB-BFC4E87B6ECD}.AppStore|x64.ActiveCfg = Release|Any CPU
		{F64EBDC4-C3FA-43FC-B3AB-BFC4E87B6ECD}.AppStore|x64.Build.0 = Release|Any CPU
		{F64EBDC4-C3FA-43FC-B3AB-BFC4E87B6ECD}.AppStore|x86.ActiveCfg = Release|Any CPU
		{F64EBDC4-C3FA-43FC-B3AB-BFC4E87B6ECD}.AppStore|x86.Build.0 = Release|Any CPU
		{F64EBDC4-C3FA-43FC-B3AB-BFC4E87B6ECD}.Debug|Any CPU.ActiveCfg = Debug|Any CPU
		{F64EBDC4-C3FA-43FC-B3AB-BFC4E87B6ECD}.Debug|Any CPU.Build.0 = Debug|Any CPU
		{F64EBDC4-C3FA-43FC-B3AB-BFC4E87B6ECD}.Debug|ARM.ActiveCfg = Debug|Any CPU
		{F64EBDC4-C3FA-43FC-B3AB-BFC4E87B6ECD}.Debug|ARM.Build.0 = Debug|Any CPU
		{F64EBDC4-C3FA-43FC-B3AB-BFC4E87B6ECD}.Debug|iPhone.ActiveCfg = Debug|Any CPU
		{F64EBDC4-C3FA-43FC-B3AB-BFC4E87B6ECD}.Debug|iPhone.Build.0 = Debug|Any CPU
		{F64EBDC4-C3FA-43FC-B3AB-BFC4E87B6ECD}.Debug|iPhoneSimulator.ActiveCfg = Debug|Any CPU
		{F64EBDC4-C3FA-43FC-B3AB-BFC4E87B6ECD}.Debug|iPhoneSimulator.Build.0 = Debug|Any CPU
		{F64EBDC4-C3FA-43FC-B3AB-BFC4E87B6ECD}.Debug|x64.ActiveCfg = Debug|Any CPU
		{F64EBDC4-C3FA-43FC-B3AB-BFC4E87B6ECD}.Debug|x64.Build.0 = Debug|Any CPU
		{F64EBDC4-C3FA-43FC-B3AB-BFC4E87B6ECD}.Debug|x86.ActiveCfg = Debug|Any CPU
		{F64EBDC4-C3FA-43FC-B3AB-BFC4E87B6ECD}.Debug|x86.Build.0 = Debug|Any CPU
		{F64EBDC4-C3FA-43FC-B3AB-BFC4E87B6ECD}.Release|Any CPU.ActiveCfg = Release|Any CPU
		{F64EBDC4-C3FA-43FC-B3AB-BFC4E87B6ECD}.Release|Any CPU.Build.0 = Release|Any CPU
		{F64EBDC4-C3FA-43FC-B3AB-BFC4E87B6ECD}.Release|ARM.ActiveCfg = Release|Any CPU
		{F64EBDC4-C3FA-43FC-B3AB-BFC4E87B6ECD}.Release|ARM.Build.0 = Release|Any CPU
		{F64EBDC4-C3FA-43FC-B3AB-BFC4E87B6ECD}.Release|iPhone.ActiveCfg = Release|Any CPU
		{F64EBDC4-C3FA-43FC-B3AB-BFC4E87B6ECD}.Release|iPhone.Build.0 = Release|Any CPU
		{F64EBDC4-C3FA-43FC-B3AB-BFC4E87B6ECD}.Release|iPhoneSimulator.ActiveCfg = Release|Any CPU
		{F64EBDC4-C3FA-43FC-B3AB-BFC4E87B6ECD}.Release|iPhoneSimulator.Build.0 = Release|Any CPU
		{F64EBDC4-C3FA-43FC-B3AB-BFC4E87B6ECD}.Release|x64.ActiveCfg = Release|Any CPU
		{F64EBDC4-C3FA-43FC-B3AB-BFC4E87B6ECD}.Release|x64.Build.0 = Release|Any CPU
		{F64EBDC4-C3FA-43FC-B3AB-BFC4E87B6ECD}.Release|x86.ActiveCfg = Release|Any CPU
		{F64EBDC4-C3FA-43FC-B3AB-BFC4E87B6ECD}.Release|x86.Build.0 = Release|Any CPU
		{BB6A95E5-E9EE-4F79-A898-6E46A184CA2F}.Ad-Hoc|Any CPU.ActiveCfg = Debug|Any CPU
		{BB6A95E5-E9EE-4F79-A898-6E46A184CA2F}.Ad-Hoc|Any CPU.Build.0 = Debug|Any CPU
		{BB6A95E5-E9EE-4F79-A898-6E46A184CA2F}.Ad-Hoc|ARM.ActiveCfg = Debug|Any CPU
		{BB6A95E5-E9EE-4F79-A898-6E46A184CA2F}.Ad-Hoc|ARM.Build.0 = Debug|Any CPU
		{BB6A95E5-E9EE-4F79-A898-6E46A184CA2F}.Ad-Hoc|iPhone.ActiveCfg = Debug|Any CPU
		{BB6A95E5-E9EE-4F79-A898-6E46A184CA2F}.Ad-Hoc|iPhone.Build.0 = Debug|Any CPU
		{BB6A95E5-E9EE-4F79-A898-6E46A184CA2F}.Ad-Hoc|iPhoneSimulator.ActiveCfg = Debug|Any CPU
		{BB6A95E5-E9EE-4F79-A898-6E46A184CA2F}.Ad-Hoc|iPhoneSimulator.Build.0 = Debug|Any CPU
		{BB6A95E5-E9EE-4F79-A898-6E46A184CA2F}.Ad-Hoc|x64.ActiveCfg = Debug|Any CPU
		{BB6A95E5-E9EE-4F79-A898-6E46A184CA2F}.Ad-Hoc|x64.Build.0 = Debug|Any CPU
		{BB6A95E5-E9EE-4F79-A898-6E46A184CA2F}.Ad-Hoc|x86.ActiveCfg = Debug|Any CPU
		{BB6A95E5-E9EE-4F79-A898-6E46A184CA2F}.Ad-Hoc|x86.Build.0 = Debug|Any CPU
		{BB6A95E5-E9EE-4F79-A898-6E46A184CA2F}.AppStore|Any CPU.ActiveCfg = Debug|Any CPU
		{BB6A95E5-E9EE-4F79-A898-6E46A184CA2F}.AppStore|Any CPU.Build.0 = Debug|Any CPU
		{BB6A95E5-E9EE-4F79-A898-6E46A184CA2F}.AppStore|ARM.ActiveCfg = Debug|Any CPU
		{BB6A95E5-E9EE-4F79-A898-6E46A184CA2F}.AppStore|ARM.Build.0 = Debug|Any CPU
		{BB6A95E5-E9EE-4F79-A898-6E46A184CA2F}.AppStore|iPhone.ActiveCfg = Debug|Any CPU
		{BB6A95E5-E9EE-4F79-A898-6E46A184CA2F}.AppStore|iPhone.Build.0 = Debug|Any CPU
		{BB6A95E5-E9EE-4F79-A898-6E46A184CA2F}.AppStore|iPhoneSimulator.ActiveCfg = Debug|Any CPU
		{BB6A95E5-E9EE-4F79-A898-6E46A184CA2F}.AppStore|iPhoneSimulator.Build.0 = Debug|Any CPU
		{BB6A95E5-E9EE-4F79-A898-6E46A184CA2F}.AppStore|x64.ActiveCfg = Debug|Any CPU
		{BB6A95E5-E9EE-4F79-A898-6E46A184CA2F}.AppStore|x64.Build.0 = Debug|Any CPU
		{BB6A95E5-E9EE-4F79-A898-6E46A184CA2F}.AppStore|x86.ActiveCfg = Debug|Any CPU
		{BB6A95E5-E9EE-4F79-A898-6E46A184CA2F}.AppStore|x86.Build.0 = Debug|Any CPU
		{BB6A95E5-E9EE-4F79-A898-6E46A184CA2F}.Debug|Any CPU.ActiveCfg = Debug|Any CPU
		{BB6A95E5-E9EE-4F79-A898-6E46A184CA2F}.Debug|Any CPU.Build.0 = Debug|Any CPU
		{BB6A95E5-E9EE-4F79-A898-6E46A184CA2F}.Debug|ARM.ActiveCfg = Debug|Any CPU
		{BB6A95E5-E9EE-4F79-A898-6E46A184CA2F}.Debug|ARM.Build.0 = Debug|Any CPU
		{BB6A95E5-E9EE-4F79-A898-6E46A184CA2F}.Debug|iPhone.ActiveCfg = Debug|Any CPU
		{BB6A95E5-E9EE-4F79-A898-6E46A184CA2F}.Debug|iPhone.Build.0 = Debug|Any CPU
		{BB6A95E5-E9EE-4F79-A898-6E46A184CA2F}.Debug|iPhoneSimulator.ActiveCfg = Debug|Any CPU
		{BB6A95E5-E9EE-4F79-A898-6E46A184CA2F}.Debug|iPhoneSimulator.Build.0 = Debug|Any CPU
		{BB6A95E5-E9EE-4F79-A898-6E46A184CA2F}.Debug|x64.ActiveCfg = Debug|Any CPU
		{BB6A95E5-E9EE-4F79-A898-6E46A184CA2F}.Debug|x64.Build.0 = Debug|Any CPU
		{BB6A95E5-E9EE-4F79-A898-6E46A184CA2F}.Debug|x86.ActiveCfg = Debug|Any CPU
		{BB6A95E5-E9EE-4F79-A898-6E46A184CA2F}.Debug|x86.Build.0 = Debug|Any CPU
		{BB6A95E5-E9EE-4F79-A898-6E46A184CA2F}.Release|Any CPU.ActiveCfg = Release|Any CPU
		{BB6A95E5-E9EE-4F79-A898-6E46A184CA2F}.Release|Any CPU.Build.0 = Release|Any CPU
		{BB6A95E5-E9EE-4F79-A898-6E46A184CA2F}.Release|ARM.ActiveCfg = Release|Any CPU
		{BB6A95E5-E9EE-4F79-A898-6E46A184CA2F}.Release|ARM.Build.0 = Release|Any CPU
		{BB6A95E5-E9EE-4F79-A898-6E46A184CA2F}.Release|iPhone.ActiveCfg = Release|Any CPU
		{BB6A95E5-E9EE-4F79-A898-6E46A184CA2F}.Release|iPhone.Build.0 = Release|Any CPU
		{BB6A95E5-E9EE-4F79-A898-6E46A184CA2F}.Release|iPhoneSimulator.ActiveCfg = Release|Any CPU
		{BB6A95E5-E9EE-4F79-A898-6E46A184CA2F}.Release|iPhoneSimulator.Build.0 = Release|Any CPU
		{BB6A95E5-E9EE-4F79-A898-6E46A184CA2F}.Release|x64.ActiveCfg = Release|Any CPU
		{BB6A95E5-E9EE-4F79-A898-6E46A184CA2F}.Release|x64.Build.0 = Release|Any CPU
		{BB6A95E5-E9EE-4F79-A898-6E46A184CA2F}.Release|x86.ActiveCfg = Release|Any CPU
		{BB6A95E5-E9EE-4F79-A898-6E46A184CA2F}.Release|x86.Build.0 = Release|Any CPU
		{2FDC782E-44F1-42DA-9F23-BF92E2915AF2}.Ad-Hoc|Any CPU.ActiveCfg = Debug|Any CPU
		{2FDC782E-44F1-42DA-9F23-BF92E2915AF2}.Ad-Hoc|Any CPU.Build.0 = Debug|Any CPU
		{2FDC782E-44F1-42DA-9F23-BF92E2915AF2}.Ad-Hoc|ARM.ActiveCfg = Debug|Any CPU
		{2FDC782E-44F1-42DA-9F23-BF92E2915AF2}.Ad-Hoc|ARM.Build.0 = Debug|Any CPU
		{2FDC782E-44F1-42DA-9F23-BF92E2915AF2}.Ad-Hoc|iPhone.ActiveCfg = Debug|Any CPU
		{2FDC782E-44F1-42DA-9F23-BF92E2915AF2}.Ad-Hoc|iPhone.Build.0 = Debug|Any CPU
		{2FDC782E-44F1-42DA-9F23-BF92E2915AF2}.Ad-Hoc|iPhoneSimulator.ActiveCfg = Debug|Any CPU
		{2FDC782E-44F1-42DA-9F23-BF92E2915AF2}.Ad-Hoc|iPhoneSimulator.Build.0 = Debug|Any CPU
		{2FDC782E-44F1-42DA-9F23-BF92E2915AF2}.Ad-Hoc|x64.ActiveCfg = Debug|Any CPU
		{2FDC782E-44F1-42DA-9F23-BF92E2915AF2}.Ad-Hoc|x64.Build.0 = Debug|Any CPU
		{2FDC782E-44F1-42DA-9F23-BF92E2915AF2}.Ad-Hoc|x86.ActiveCfg = Debug|Any CPU
		{2FDC782E-44F1-42DA-9F23-BF92E2915AF2}.Ad-Hoc|x86.Build.0 = Debug|Any CPU
		{2FDC782E-44F1-42DA-9F23-BF92E2915AF2}.AppStore|Any CPU.ActiveCfg = Debug|Any CPU
		{2FDC782E-44F1-42DA-9F23-BF92E2915AF2}.AppStore|Any CPU.Build.0 = Debug|Any CPU
		{2FDC782E-44F1-42DA-9F23-BF92E2915AF2}.AppStore|ARM.ActiveCfg = Debug|Any CPU
		{2FDC782E-44F1-42DA-9F23-BF92E2915AF2}.AppStore|ARM.Build.0 = Debug|Any CPU
		{2FDC782E-44F1-42DA-9F23-BF92E2915AF2}.AppStore|iPhone.ActiveCfg = Debug|Any CPU
		{2FDC782E-44F1-42DA-9F23-BF92E2915AF2}.AppStore|iPhone.Build.0 = Debug|Any CPU
		{2FDC782E-44F1-42DA-9F23-BF92E2915AF2}.AppStore|iPhoneSimulator.ActiveCfg = Debug|Any CPU
		{2FDC782E-44F1-42DA-9F23-BF92E2915AF2}.AppStore|iPhoneSimulator.Build.0 = Debug|Any CPU
		{2FDC782E-44F1-42DA-9F23-BF92E2915AF2}.AppStore|x64.ActiveCfg = Debug|Any CPU
		{2FDC782E-44F1-42DA-9F23-BF92E2915AF2}.AppStore|x64.Build.0 = Debug|Any CPU
		{2FDC782E-44F1-42DA-9F23-BF92E2915AF2}.AppStore|x86.ActiveCfg = Debug|Any CPU
		{2FDC782E-44F1-42DA-9F23-BF92E2915AF2}.AppStore|x86.Build.0 = Debug|Any CPU
		{2FDC782E-44F1-42DA-9F23-BF92E2915AF2}.Debug|Any CPU.ActiveCfg = Debug|Any CPU
		{2FDC782E-44F1-42DA-9F23-BF92E2915AF2}.Debug|Any CPU.Build.0 = Debug|Any CPU
		{2FDC782E-44F1-42DA-9F23-BF92E2915AF2}.Debug|ARM.ActiveCfg = Debug|Any CPU
		{2FDC782E-44F1-42DA-9F23-BF92E2915AF2}.Debug|ARM.Build.0 = Debug|Any CPU
		{2FDC782E-44F1-42DA-9F23-BF92E2915AF2}.Debug|iPhone.ActiveCfg = Debug|Any CPU
		{2FDC782E-44F1-42DA-9F23-BF92E2915AF2}.Debug|iPhone.Build.0 = Debug|Any CPU
		{2FDC782E-44F1-42DA-9F23-BF92E2915AF2}.Debug|iPhoneSimulator.ActiveCfg = Debug|Any CPU
		{2FDC782E-44F1-42DA-9F23-BF92E2915AF2}.Debug|iPhoneSimulator.Build.0 = Debug|Any CPU
		{2FDC782E-44F1-42DA-9F23-BF92E2915AF2}.Debug|x64.ActiveCfg = Debug|Any CPU
		{2FDC782E-44F1-42DA-9F23-BF92E2915AF2}.Debug|x64.Build.0 = Debug|Any CPU
		{2FDC782E-44F1-42DA-9F23-BF92E2915AF2}.Debug|x86.ActiveCfg = Debug|Any CPU
		{2FDC782E-44F1-42DA-9F23-BF92E2915AF2}.Debug|x86.Build.0 = Debug|Any CPU
		{2FDC782E-44F1-42DA-9F23-BF92E2915AF2}.Release|Any CPU.ActiveCfg = Release|Any CPU
		{2FDC782E-44F1-42DA-9F23-BF92E2915AF2}.Release|Any CPU.Build.0 = Release|Any CPU
		{2FDC782E-44F1-42DA-9F23-BF92E2915AF2}.Release|ARM.ActiveCfg = Release|Any CPU
		{2FDC782E-44F1-42DA-9F23-BF92E2915AF2}.Release|ARM.Build.0 = Release|Any CPU
		{2FDC782E-44F1-42DA-9F23-BF92E2915AF2}.Release|iPhone.ActiveCfg = Release|Any CPU
		{2FDC782E-44F1-42DA-9F23-BF92E2915AF2}.Release|iPhone.Build.0 = Release|Any CPU
		{2FDC782E-44F1-42DA-9F23-BF92E2915AF2}.Release|iPhoneSimulator.ActiveCfg = Release|Any CPU
		{2FDC782E-44F1-42DA-9F23-BF92E2915AF2}.Release|iPhoneSimulator.Build.0 = Release|Any CPU
		{2FDC782E-44F1-42DA-9F23-BF92E2915AF2}.Release|x64.ActiveCfg = Release|Any CPU
		{2FDC782E-44F1-42DA-9F23-BF92E2915AF2}.Release|x64.Build.0 = Release|Any CPU
		{2FDC782E-44F1-42DA-9F23-BF92E2915AF2}.Release|x86.ActiveCfg = Release|Any CPU
		{2FDC782E-44F1-42DA-9F23-BF92E2915AF2}.Release|x86.Build.0 = Release|Any CPU
		{95011B69-121F-4762-8B99-C0890B6324E5}.Ad-Hoc|Any CPU.ActiveCfg = Debug|Any CPU
		{95011B69-121F-4762-8B99-C0890B6324E5}.Ad-Hoc|Any CPU.Build.0 = Debug|Any CPU
		{95011B69-121F-4762-8B99-C0890B6324E5}.Ad-Hoc|ARM.ActiveCfg = Debug|Any CPU
		{95011B69-121F-4762-8B99-C0890B6324E5}.Ad-Hoc|ARM.Build.0 = Debug|Any CPU
		{95011B69-121F-4762-8B99-C0890B6324E5}.Ad-Hoc|iPhone.ActiveCfg = Debug|Any CPU
		{95011B69-121F-4762-8B99-C0890B6324E5}.Ad-Hoc|iPhone.Build.0 = Debug|Any CPU
		{95011B69-121F-4762-8B99-C0890B6324E5}.Ad-Hoc|iPhoneSimulator.ActiveCfg = Debug|Any CPU
		{95011B69-121F-4762-8B99-C0890B6324E5}.Ad-Hoc|iPhoneSimulator.Build.0 = Debug|Any CPU
		{95011B69-121F-4762-8B99-C0890B6324E5}.Ad-Hoc|x64.ActiveCfg = Debug|Any CPU
		{95011B69-121F-4762-8B99-C0890B6324E5}.Ad-Hoc|x64.Build.0 = Debug|Any CPU
		{95011B69-121F-4762-8B99-C0890B6324E5}.Ad-Hoc|x86.ActiveCfg = Debug|Any CPU
		{95011B69-121F-4762-8B99-C0890B6324E5}.Ad-Hoc|x86.Build.0 = Debug|Any CPU
		{95011B69-121F-4762-8B99-C0890B6324E5}.AppStore|Any CPU.ActiveCfg = Debug|Any CPU
		{95011B69-121F-4762-8B99-C0890B6324E5}.AppStore|Any CPU.Build.0 = Debug|Any CPU
		{95011B69-121F-4762-8B99-C0890B6324E5}.AppStore|ARM.ActiveCfg = Debug|Any CPU
		{95011B69-121F-4762-8B99-C0890B6324E5}.AppStore|ARM.Build.0 = Debug|Any CPU
		{95011B69-121F-4762-8B99-C0890B6324E5}.AppStore|iPhone.ActiveCfg = Debug|Any CPU
		{95011B69-121F-4762-8B99-C0890B6324E5}.AppStore|iPhone.Build.0 = Debug|Any CPU
		{95011B69-121F-4762-8B99-C0890B6324E5}.AppStore|iPhoneSimulator.ActiveCfg = Debug|Any CPU
		{95011B69-121F-4762-8B99-C0890B6324E5}.AppStore|iPhoneSimulator.Build.0 = Debug|Any CPU
		{95011B69-121F-4762-8B99-C0890B6324E5}.AppStore|x64.ActiveCfg = Debug|Any CPU
		{95011B69-121F-4762-8B99-C0890B6324E5}.AppStore|x64.Build.0 = Debug|Any CPU
		{95011B69-121F-4762-8B99-C0890B6324E5}.AppStore|x86.ActiveCfg = Debug|Any CPU
		{95011B69-121F-4762-8B99-C0890B6324E5}.AppStore|x86.Build.0 = Debug|Any CPU
		{95011B69-121F-4762-8B99-C0890B6324E5}.Debug|Any CPU.ActiveCfg = Debug|Any CPU
		{95011B69-121F-4762-8B99-C0890B6324E5}.Debug|Any CPU.Build.0 = Debug|Any CPU
		{95011B69-121F-4762-8B99-C0890B6324E5}.Debug|ARM.ActiveCfg = Debug|Any CPU
		{95011B69-121F-4762-8B99-C0890B6324E5}.Debug|ARM.Build.0 = Debug|Any CPU
		{95011B69-121F-4762-8B99-C0890B6324E5}.Debug|iPhone.ActiveCfg = Debug|Any CPU
		{95011B69-121F-4762-8B99-C0890B6324E5}.Debug|iPhone.Build.0 = Debug|Any CPU
		{95011B69-121F-4762-8B99-C0890B6324E5}.Debug|iPhoneSimulator.ActiveCfg = Debug|Any CPU
		{95011B69-121F-4762-8B99-C0890B6324E5}.Debug|iPhoneSimulator.Build.0 = Debug|Any CPU
		{95011B69-121F-4762-8B99-C0890B6324E5}.Debug|x64.ActiveCfg = Debug|Any CPU
		{95011B69-121F-4762-8B99-C0890B6324E5}.Debug|x64.Build.0 = Debug|Any CPU
		{95011B69-121F-4762-8B99-C0890B6324E5}.Debug|x86.ActiveCfg = Debug|Any CPU
		{95011B69-121F-4762-8B99-C0890B6324E5}.Debug|x86.Build.0 = Debug|Any CPU
		{95011B69-121F-4762-8B99-C0890B6324E5}.Release|Any CPU.ActiveCfg = Release|Any CPU
		{95011B69-121F-4762-8B99-C0890B6324E5}.Release|Any CPU.Build.0 = Release|Any CPU
		{95011B69-121F-4762-8B99-C0890B6324E5}.Release|ARM.ActiveCfg = Release|Any CPU
		{95011B69-121F-4762-8B99-C0890B6324E5}.Release|ARM.Build.0 = Release|Any CPU
		{95011B69-121F-4762-8B99-C0890B6324E5}.Release|iPhone.ActiveCfg = Release|Any CPU
		{95011B69-121F-4762-8B99-C0890B6324E5}.Release|iPhone.Build.0 = Release|Any CPU
		{95011B69-121F-4762-8B99-C0890B6324E5}.Release|iPhoneSimulator.ActiveCfg = Release|Any CPU
		{95011B69-121F-4762-8B99-C0890B6324E5}.Release|iPhoneSimulator.Build.0 = Release|Any CPU
		{95011B69-121F-4762-8B99-C0890B6324E5}.Release|x64.ActiveCfg = Release|Any CPU
		{95011B69-121F-4762-8B99-C0890B6324E5}.Release|x64.Build.0 = Release|Any CPU
		{95011B69-121F-4762-8B99-C0890B6324E5}.Release|x86.ActiveCfg = Release|Any CPU
		{95011B69-121F-4762-8B99-C0890B6324E5}.Release|x86.Build.0 = Release|Any CPU
		{5164C3CF-88D4-4DF3-9C30-8A736173EB65}.Ad-Hoc|Any CPU.ActiveCfg = Debug|Any CPU
		{5164C3CF-88D4-4DF3-9C30-8A736173EB65}.Ad-Hoc|Any CPU.Build.0 = Debug|Any CPU
		{5164C3CF-88D4-4DF3-9C30-8A736173EB65}.Ad-Hoc|ARM.ActiveCfg = Debug|Any CPU
		{5164C3CF-88D4-4DF3-9C30-8A736173EB65}.Ad-Hoc|ARM.Build.0 = Debug|Any CPU
		{5164C3CF-88D4-4DF3-9C30-8A736173EB65}.Ad-Hoc|iPhone.ActiveCfg = Debug|Any CPU
		{5164C3CF-88D4-4DF3-9C30-8A736173EB65}.Ad-Hoc|iPhone.Build.0 = Debug|Any CPU
		{5164C3CF-88D4-4DF3-9C30-8A736173EB65}.Ad-Hoc|iPhoneSimulator.ActiveCfg = Debug|Any CPU
		{5164C3CF-88D4-4DF3-9C30-8A736173EB65}.Ad-Hoc|iPhoneSimulator.Build.0 = Debug|Any CPU
		{5164C3CF-88D4-4DF3-9C30-8A736173EB65}.Ad-Hoc|x64.ActiveCfg = Debug|Any CPU
		{5164C3CF-88D4-4DF3-9C30-8A736173EB65}.Ad-Hoc|x64.Build.0 = Debug|Any CPU
		{5164C3CF-88D4-4DF3-9C30-8A736173EB65}.Ad-Hoc|x86.ActiveCfg = Debug|Any CPU
		{5164C3CF-88D4-4DF3-9C30-8A736173EB65}.Ad-Hoc|x86.Build.0 = Debug|Any CPU
		{5164C3CF-88D4-4DF3-9C30-8A736173EB65}.AppStore|Any CPU.ActiveCfg = Debug|Any CPU
		{5164C3CF-88D4-4DF3-9C30-8A736173EB65}.AppStore|Any CPU.Build.0 = Debug|Any CPU
		{5164C3CF-88D4-4DF3-9C30-8A736173EB65}.AppStore|ARM.ActiveCfg = Debug|Any CPU
		{5164C3CF-88D4-4DF3-9C30-8A736173EB65}.AppStore|ARM.Build.0 = Debug|Any CPU
		{5164C3CF-88D4-4DF3-9C30-8A736173EB65}.AppStore|iPhone.ActiveCfg = Debug|Any CPU
		{5164C3CF-88D4-4DF3-9C30-8A736173EB65}.AppStore|iPhone.Build.0 = Debug|Any CPU
		{5164C3CF-88D4-4DF3-9C30-8A736173EB65}.AppStore|iPhoneSimulator.ActiveCfg = Debug|Any CPU
		{5164C3CF-88D4-4DF3-9C30-8A736173EB65}.AppStore|iPhoneSimulator.Build.0 = Debug|Any CPU
		{5164C3CF-88D4-4DF3-9C30-8A736173EB65}.AppStore|x64.ActiveCfg = Debug|Any CPU
		{5164C3CF-88D4-4DF3-9C30-8A736173EB65}.AppStore|x64.Build.0 = Debug|Any CPU
		{5164C3CF-88D4-4DF3-9C30-8A736173EB65}.AppStore|x86.ActiveCfg = Debug|Any CPU
		{5164C3CF-88D4-4DF3-9C30-8A736173EB65}.AppStore|x86.Build.0 = Debug|Any CPU
		{5164C3CF-88D4-4DF3-9C30-8A736173EB65}.Debug|Any CPU.ActiveCfg = Debug|Any CPU
		{5164C3CF-88D4-4DF3-9C30-8A736173EB65}.Debug|Any CPU.Build.0 = Debug|Any CPU
		{5164C3CF-88D4-4DF3-9C30-8A736173EB65}.Debug|ARM.ActiveCfg = Debug|Any CPU
		{5164C3CF-88D4-4DF3-9C30-8A736173EB65}.Debug|ARM.Build.0 = Debug|Any CPU
		{5164C3CF-88D4-4DF3-9C30-8A736173EB65}.Debug|iPhone.ActiveCfg = Debug|Any CPU
		{5164C3CF-88D4-4DF3-9C30-8A736173EB65}.Debug|iPhone.Build.0 = Debug|Any CPU
		{5164C3CF-88D4-4DF3-9C30-8A736173EB65}.Debug|iPhoneSimulator.ActiveCfg = Debug|Any CPU
		{5164C3CF-88D4-4DF3-9C30-8A736173EB65}.Debug|iPhoneSimulator.Build.0 = Debug|Any CPU
		{5164C3CF-88D4-4DF3-9C30-8A736173EB65}.Debug|x64.ActiveCfg = Debug|Any CPU
		{5164C3CF-88D4-4DF3-9C30-8A736173EB65}.Debug|x64.Build.0 = Debug|Any CPU
		{5164C3CF-88D4-4DF3-9C30-8A736173EB65}.Debug|x86.ActiveCfg = Debug|Any CPU
		{5164C3CF-88D4-4DF3-9C30-8A736173EB65}.Debug|x86.Build.0 = Debug|Any CPU
		{5164C3CF-88D4-4DF3-9C30-8A736173EB65}.Release|Any CPU.ActiveCfg = Release|Any CPU
		{5164C3CF-88D4-4DF3-9C30-8A736173EB65}.Release|Any CPU.Build.0 = Release|Any CPU
		{5164C3CF-88D4-4DF3-9C30-8A736173EB65}.Release|ARM.ActiveCfg = Release|Any CPU
		{5164C3CF-88D4-4DF3-9C30-8A736173EB65}.Release|ARM.Build.0 = Release|Any CPU
		{5164C3CF-88D4-4DF3-9C30-8A736173EB65}.Release|iPhone.ActiveCfg = Release|Any CPU
		{5164C3CF-88D4-4DF3-9C30-8A736173EB65}.Release|iPhone.Build.0 = Release|Any CPU
		{5164C3CF-88D4-4DF3-9C30-8A736173EB65}.Release|iPhoneSimulator.ActiveCfg = Release|Any CPU
		{5164C3CF-88D4-4DF3-9C30-8A736173EB65}.Release|iPhoneSimulator.Build.0 = Release|Any CPU
		{5164C3CF-88D4-4DF3-9C30-8A736173EB65}.Release|x64.ActiveCfg = Release|Any CPU
		{5164C3CF-88D4-4DF3-9C30-8A736173EB65}.Release|x64.Build.0 = Release|Any CPU
		{5164C3CF-88D4-4DF3-9C30-8A736173EB65}.Release|x86.ActiveCfg = Release|Any CPU
		{5164C3CF-88D4-4DF3-9C30-8A736173EB65}.Release|x86.Build.0 = Release|Any CPU
	EndGlobalSection
	GlobalSection(SolutionProperties) = preSolution
		HideSolutionNode = FALSE
	EndGlobalSection
	GlobalSection(NestedProjects) = preSolution
		{B19C892E-2628-4CA7-AD27-08D406A3B14B} = {98A3B098-2468-4209-AD55-CE1C430D33DD}
		{4966FC06-8A5C-452D-A858-3EABC6BB5460} = {98A3B098-2468-4209-AD55-CE1C430D33DD}
		{4098C142-3D6F-42C5-B801-6E449392C785} = {F666305C-2681-408C-BD9F-010353BCCF03}
		{39D1400A-FC3E-4BFF-B902-B7F1BB45DA5A} = {438E896B-796A-435D-8291-5E81CB22B12B}
		{B1496C21-3FA3-4967-9D66-7E8C60926614} = {438E896B-796A-435D-8291-5E81CB22B12B}
		{FB54B168-4088-468B-B08A-EA2C9EFBD97F} = {438E896B-796A-435D-8291-5E81CB22B12B}
		{C5FED79C-2684-434B-95DD-15A69F461AD1} = {438E896B-796A-435D-8291-5E81CB22B12B}
		{CE70BD26-1962-4AC8-B239-88063E7B1041} = {95B794BA-6BD4-4222-A124-D4F10D99C491}
		{FD5C091D-FA0C-4CE6-B14B-9BC76393E6ED} = {9C4DF773-18FD-4492-9DA2-2C1B356A3C2D}
		{38E461E3-F2F0-4300-BDFA-A865A972CA78} = {9C4DF773-18FD-4492-9DA2-2C1B356A3C2D}		
		{DCB8733F-6C7D-47BE-9C57-836D4B90D3C5} = {438E896B-796A-435D-8291-5E81CB22B12B}
		{58C592C6-28CA-4889-BB53-46E9EE2E2854} = {98A3B098-2468-4209-AD55-CE1C430D33DD}		
		{BB6A95E5-E9EE-4F79-A898-6E46A184CA2F} = {7ADF6D7B-E50E-4904-AE24-DB0386BCEEC1}
		{2FDC782E-44F1-42DA-9F23-BF92E2915AF2} = {7ADF6D7B-E50E-4904-AE24-DB0386BCEEC1}
		{95011B69-121F-4762-8B99-C0890B6324E5} = {F666305C-2681-408C-BD9F-010353BCCF03}		
	EndGlobalSection
	GlobalSection(ExtensibilityGlobals) = postSolution
		SolutionGuid = {53B1C7C8-F4A6-482A-8AB7-AABC76E4D977}
	EndGlobalSection
EndGlobal
