Microsoft Visual Studio Solution File, Format Version 12.00
# Visual Studio Version 16
VisualStudioVersion = 16.0.0.0
MinimumVisualStudioVersion = 16.0.0.0
Project("{9A19103F-16F7-4668-BE54-9A1E7A4F7556}") = "App_BlazorHybrid", "App_BlazorHybrid\App_BlazorHybrid.csproj", "{AA844CAF-8A40-4223-BB84-F801B9A30E49}"
EndProject
Project("{FAE04EC0-301F-11D3-BF4B-00C04F79EFBC}") = "App_BlazorHybrid.Android", "App_BlazorHybrid.Android\App_BlazorHybrid.Android.csproj", "{5219D886-B508-43B2-BE99-B1C5058001F4}"
EndProject
Project("{FAE04EC0-301F-11D3-BF4B-00C04F79EFBC}") = "App_BlazorHybrid.iOS", "App_BlazorHybrid.iOS\App_BlazorHybrid.iOS.csproj", "{FD9CB445-7441-4967-BEB0-BE2D9CF1D74A}"
EndProject
Project("{FAE04EC0-301F-11D3-BF4B-00C04F79EFBC}") = "App_BlazorHybrid.Windows", "App_BlazorHybrid.Windows\App_BlazorHybrid.Windows.csproj", "{4F0FF612-050B-452B-91FA-E1D8EF060A5B}"
EndProject
Project("{FAE04EC0-301F-11D3-BF4B-00C04F79EFBC}") = "App_BlazorHybrid.macOS", "App_BlazorHybrid.macOS\App_BlazorHybrid.macOS.csproj", "{F4738B66-2BE9-41B4-8692-D134D9798ED0}"
EndProject
Global
	GlobalSection(SolutionConfigurationPlatforms) = preSolution
		Debug|Any CPU = Debug|Any CPU
		Debug|iPhone = Debug|iPhone
		Debug|iPhoneSimulator = Debug|iPhoneSimulator
		Debug|x64 = Debug|x64
		Debug|x86 = Debug|x86
		Release|Any CPU = Release|Any CPU
		Release|iPhone = Release|iPhone
		Release|iPhoneSimulator = Release|iPhoneSimulator
		Release|x64 = Release|x64
		Release|x86 = Release|x86
	EndGlobalSection
	GlobalSection(ProjectConfigurationPlatforms) = postSolution
		{5219D886-B508-43B2-BE99-B1C5058001F4}.Debug|Any CPU.ActiveCfg = Debug|Any CPU
		{5219D886-B508-43B2-BE99-B1C5058001F4}.Debug|Any CPU.Build.0 = Debug|Any CPU
		{5219D886-B508-43B2-BE99-B1C5058001F4}.Debug|Any CPU.Deploy.0 = Debug|Any CPU
		{5219D886-B508-43B2-BE99-B1C5058001F4}.Debug|iPhone.ActiveCfg = Debug|Any CPU
		{5219D886-B508-43B2-BE99-B1C5058001F4}.Debug|iPhone.Build.0 = Debug|Any CPU
		{5219D886-B508-43B2-BE99-B1C5058001F4}.Debug|iPhone.Deploy.0 = Debug|Any CPU
		{5219D886-B508-43B2-BE99-B1C5058001F4}.Debug|iPhoneSimulator.ActiveCfg = Debug|Any CPU
		{5219D886-B508-43B2-BE99-B1C5058001F4}.Debug|iPhoneSimulator.Build.0 = Debug|Any CPU
		{5219D886-B508-43B2-BE99-B1C5058001F4}.Debug|iPhoneSimulator.Deploy.0 = Debug|Any CPU
		{5219D886-B508-43B2-BE99-B1C5058001F4}.Debug|x64.ActiveCfg = Debug|Any CPU
		{5219D886-B508-43B2-BE99-B1C5058001F4}.Debug|x64.Build.0 = Debug|Any CPU
		{5219D886-B508-43B2-BE99-B1C5058001F4}.Debug|x64.Deploy.0 = Debug|Any CPU
		{5219D886-B508-43B2-BE99-B1C5058001F4}.Debug|x86.ActiveCfg = Debug|Any CPU
		{5219D886-B508-43B2-BE99-B1C5058001F4}.Debug|x86.Build.0 = Debug|Any CPU
		{5219D886-B508-43B2-BE99-B1C5058001F4}.Debug|x86.Deploy.0 = Debug|Any CPU
		{5219D886-B508-43B2-BE99-B1C5058001F4}.Release|Any CPU.ActiveCfg = Release|Any CPU
		{5219D886-B508-43B2-BE99-B1C5058001F4}.Release|Any CPU.Build.0 = Release|Any CPU
		{5219D886-B508-43B2-BE99-B1C5058001F4}.Release|Any CPU.Deploy.0 = Release|Any CPU
		{5219D886-B508-43B2-BE99-B1C5058001F4}.Release|iPhone.ActiveCfg = Release|Any CPU
		{5219D886-B508-43B2-BE99-B1C5058001F4}.Release|iPhone.Build.0 = Release|Any CPU
		{5219D886-B508-43B2-BE99-B1C5058001F4}.Release|iPhone.Deploy.0 = Release|Any CPU
		{5219D886-B508-43B2-BE99-B1C5058001F4}.Release|iPhoneSimulator.ActiveCfg = Release|Any CPU
		{5219D886-B508-43B2-BE99-B1C5058001F4}.Release|iPhoneSimulator.Build.0 = Release|Any CPU
		{5219D886-B508-43B2-BE99-B1C5058001F4}.Release|iPhoneSimulator.Deploy.0 = Release|Any CPU
		{5219D886-B508-43B2-BE99-B1C5058001F4}.Release|x64.ActiveCfg = Release|Any CPU
		{5219D886-B508-43B2-BE99-B1C5058001F4}.Release|x64.Build.0 = Release|Any CPU
		{5219D886-B508-43B2-BE99-B1C5058001F4}.Release|x64.Deploy.0 = Release|Any CPU
		{5219D886-B508-43B2-BE99-B1C5058001F4}.Release|x86.ActiveCfg = Release|Any CPU
		{5219D886-B508-43B2-BE99-B1C5058001F4}.Release|x86.Build.0 = Release|Any CPU
		{5219D886-B508-43B2-BE99-B1C5058001F4}.Release|x86.Deploy.0 = Release|Any CPU
		{AA844CAF-8A40-4223-BB84-F801B9A30E49}.Debug|Any CPU.ActiveCfg = Debug|Any CPU
		{AA844CAF-8A40-4223-BB84-F801B9A30E49}.Debug|Any CPU.Build.0 = Debug|Any CPU
		{AA844CAF-8A40-4223-BB84-F801B9A30E49}.Debug|iPhone.ActiveCfg = Debug|Any CPU
		{AA844CAF-8A40-4223-BB84-F801B9A30E49}.Debug|iPhone.Build.0 = Debug|Any CPU
		{AA844CAF-8A40-4223-BB84-F801B9A30E49}.Debug|iPhoneSimulator.ActiveCfg = Debug|Any CPU
		{AA844CAF-8A40-4223-BB84-F801B9A30E49}.Debug|iPhoneSimulator.Build.0 = Debug|Any CPU
		{AA844CAF-8A40-4223-BB84-F801B9A30E49}.Debug|x64.ActiveCfg = Debug|Any CPU
		{AA844CAF-8A40-4223-BB84-F801B9A30E49}.Debug|x64.Build.0 = Debug|Any CPU
		{AA844CAF-8A40-4223-BB84-F801B9A30E49}.Debug|x86.ActiveCfg = Debug|Any CPU
		{AA844CAF-8A40-4223-BB84-F801B9A30E49}.Debug|x86.Build.0 = Debug|Any CPU
		{AA844CAF-8A40-4223-BB84-F801B9A30E49}.Release|Any CPU.ActiveCfg = Release|Any CPU
		{AA844CAF-8A40-4223-BB84-F801B9A30E49}.Release|Any CPU.Build.0 = Release|Any CPU
		{AA844CAF-8A40-4223-BB84-F801B9A30E49}.Release|iPhone.ActiveCfg = Release|Any CPU
		{AA844CAF-8A40-4223-BB84-F801B9A30E49}.Release|iPhone.Build.0 = Release|Any CPU
		{AA844CAF-8A40-4223-BB84-F801B9A30E49}.Release|iPhoneSimulator.ActiveCfg = Release|Any CPU
		{AA844CAF-8A40-4223-BB84-F801B9A30E49}.Release|iPhoneSimulator.Build.0 = Release|Any CPU
		{AA844CAF-8A40-4223-BB84-F801B9A30E49}.Release|x64.ActiveCfg = Release|Any CPU
		{AA844CAF-8A40-4223-BB84-F801B9A30E49}.Release|x64.Build.0 = Release|Any CPU
		{AA844CAF-8A40-4223-BB84-F801B9A30E49}.Release|x86.ActiveCfg = Release|Any CPU
		{AA844CAF-8A40-4223-BB84-F801B9A30E49}.Release|x86.Build.0 = Release|Any CPU
		{FD9CB445-7441-4967-BEB0-BE2D9CF1D74A}.Debug|Any CPU.ActiveCfg = Debug|iPhone
		{FD9CB445-7441-4967-BEB0-BE2D9CF1D74A}.Debug|iPhone.ActiveCfg = Debug|iPhone
		{FD9CB445-7441-4967-BEB0-BE2D9CF1D74A}.Debug|iPhone.Build.0 = Debug|iPhone
		{FD9CB445-7441-4967-BEB0-BE2D9CF1D74A}.Debug|iPhoneSimulator.ActiveCfg = Debug|iPhoneSimulator
		{FD9CB445-7441-4967-BEB0-BE2D9CF1D74A}.Debug|iPhoneSimulator.Build.0 = Debug|iPhoneSimulator
		{FD9CB445-7441-4967-BEB0-BE2D9CF1D74A}.Debug|x64.ActiveCfg = Debug|iPhone
		{FD9CB445-7441-4967-BEB0-BE2D9CF1D74A}.Debug|x86.ActiveCfg = Debug|iPhone
		{FD9CB445-7441-4967-BEB0-BE2D9CF1D74A}.Release|Any CPU.ActiveCfg = Release|iPhone
		{FD9CB445-7441-4967-BEB0-BE2D9CF1D74A}.Release|iPhone.ActiveCfg = Release|iPhone
		{FD9CB445-7441-4967-BEB0-BE2D9CF1D74A}.Release|iPhone.Build.0 = Release|iPhone
		{FD9CB445-7441-4967-BEB0-BE2D9CF1D74A}.Release|iPhoneSimulator.ActiveCfg = Release|iPhoneSimulator
		{FD9CB445-7441-4967-BEB0-BE2D9CF1D74A}.Release|iPhoneSimulator.Build.0 = Release|iPhoneSimulator
		{FD9CB445-7441-4967-BEB0-BE2D9CF1D74A}.Release|x64.ActiveCfg = Release|iPhone
		{FD9CB445-7441-4967-BEB0-BE2D9CF1D74A}.Release|x86.ActiveCfg = Release|iPhone
		{4F0FF612-050B-452B-91FA-E1D8EF060A5B}.Debug|Any CPU.ActiveCfg = Debug|Any CPU
		{4F0FF612-050B-452B-91FA-E1D8EF060A5B}.Debug|Any CPU.Build.0 = Debug|Any CPU
		{4F0FF612-050B-452B-91FA-E1D8EF060A5B}.Debug|iPhone.ActiveCfg = Debug|Any CPU
		{4F0FF612-050B-452B-91FA-E1D8EF060A5B}.Debug|iPhone.Build.0 = Debug|Any CPU
		{4F0FF612-050B-452B-91FA-E1D8EF060A5B}.Debug|iPhoneSimulator.ActiveCfg = Debug|Any CPU
		{4F0FF612-050B-452B-91FA-E1D8EF060A5B}.Debug|iPhoneSimulator.Build.0 = Debug|Any CPU
		{4F0FF612-050B-452B-91FA-E1D8EF060A5B}.Release|Any CPU.ActiveCfg = Release|Any CPU
		{4F0FF612-050B-452B-91FA-E1D8EF060A5B}.Release|Any CPU.Build.0 = Release|Any CPU
		{4F0FF612-050B-452B-91FA-E1D8EF060A5B}.Release|iPhone.ActiveCfg = Release|Any CPU
		{4F0FF612-050B-452B-91FA-E1D8EF060A5B}.Release|iPhone.Build.0 = Release|Any CPU
		{4F0FF612-050B-452B-91FA-E1D8EF060A5B}.Release|iPhoneSimulator.ActiveCfg = Release|Any CPU
		{4F0FF612-050B-452B-91FA-E1D8EF060A5B}.Release|iPhoneSimulator.Build.0 = Release|Any CPU
		{F4738B66-2BE9-41B4-8692-D134D9798ED0}.Debug|Any CPU.ActiveCfg = Debug|Any CPU
		{F4738B66-2BE9-41B4-8692-D134D9798ED0}.Debug|Any CPU.Build.0 = Debug|Any CPU
		{F4738B66-2BE9-41B4-8692-D134D9798ED0}.Debug|iPhone.ActiveCfg = Debug|Any CPU
		{F4738B66-2BE9-41B4-8692-D134D9798ED0}.Debug|iPhone.Build.0 = Debug|Any CPU
		{F4738B66-2BE9-41B4-8692-D134D9798ED0}.Debug|iPhoneSimulator.ActiveCfg = Debug|Any CPU
		{F4738B66-2BE9-41B4-8692-D134D9798ED0}.Debug|iPhoneSimulator.Build.0 = Debug|Any CPU
		{F4738B66-2BE9-41B4-8692-D134D9798ED0}.Release|Any CPU.ActiveCfg = Release|Any CPU
		{F4738B66-2BE9-41B4-8692-D134D9798ED0}.Release|Any CPU.Build.0 = Release|Any CPU
		{F4738B66-2BE9-41B4-8692-D134D9798ED0}.Release|iPhone.ActiveCfg = Release|Any CPU
		{F4738B66-2BE9-41B4-8692-D134D9798ED0}.Release|iPhone.Build.0 = Release|Any CPU
		{F4738B66-2BE9-41B4-8692-D134D9798ED0}.Release|iPhoneSimulator.ActiveCfg = Release|Any CPU
		{F4738B66-2BE9-41B4-8692-D134D9798ED0}.Release|iPhoneSimulator.Build.0 = Release|Any CPU
	EndGlobalSection
	GlobalSection(SolutionProperties) = preSolution
		HideSolutionNode = FALSE
	EndGlobalSection
	GlobalSection(ExtensibilityGlobals) = postSolution
		SolutionGuid = {328DB366-E356-456A-BF7F-CB9EB3271247}
	EndGlobalSection
EndGlobal
